// !$*UTF8*$!
{
	archiveVersion = 1;
	classes = {
	};
	objectVersion = 56;
	objects = {

/* Begin PBXBuildFile section */
		1DCFEA2C29DF99AD00C47F49 /* DetailViewController.swift in Sources */ = {isa = PBXBuildFile; fileRef = 1DCFEA2B29DF99AD00C47F49 /* DetailViewController.swift */; };
		1DCFEA2E29DF9A3800C47F49 /* CoreDataManger.swift in Sources */ = {isa = PBXBuildFile; fileRef = 1DCFEA2D29DF9A3800C47F49 /* CoreDataManger.swift */; };
		1DCFEA3529E3BD1300C47F49 /* MyToDoApp.xcdatamodeld in Sources */ = {isa = PBXBuildFile; fileRef = 1DCFEA3329E3BD1300C47F49 /* MyToDoApp.xcdatamodeld */; };
		1DCFEA3A29E3BDE800C47F49 /* ToDoData+CoreDataClass.swift in Sources */ = {isa = PBXBuildFile; fileRef = 1DCFEA3829E3BDE800C47F49 /* ToDoData+CoreDataClass.swift */; };
		1DCFEA3B29E3BDE800C47F49 /* ToDoData+CoreDataProperties.swift in Sources */ = {isa = PBXBuildFile; fileRef = 1DCFEA3929E3BDE800C47F49 /* ToDoData+CoreDataProperties.swift */; };
		1DD8E31029DEB66A008017B1 /* AppDelegate.swift in Sources */ = {isa = PBXBuildFile; fileRef = 1DD8E30F29DEB66A008017B1 /* AppDelegate.swift */; };
		1DD8E31229DEB66A008017B1 /* SceneDelegate.swift in Sources */ = {isa = PBXBuildFile; fileRef = 1DD8E31129DEB66A008017B1 /* SceneDelegate.swift */; };
		1DD8E31429DEB66A008017B1 /* ViewController.swift in Sources */ = {isa = PBXBuildFile; fileRef = 1DD8E31329DEB66A008017B1 /* ViewController.swift */; };
		1DD8E31729DEB66A008017B1 /* Main.storyboard in Resources */ = {isa = PBXBuildFile; fileRef = 1DD8E31529DEB66A008017B1 /* Main.storyboard */; };
		1DD8E31929DEB66E008017B1 /* Assets.xcassets in Resources */ = {isa = PBXBuildFile; fileRef = 1DD8E31829DEB66E008017B1 /* Assets.xcassets */; };
		1DD8E31C29DEB66E008017B1 /* LaunchScreen.storyboard in Resources */ = {isa = PBXBuildFile; fileRef = 1DD8E31A29DEB66E008017B1 /* LaunchScreen.storyboard */; };
		1DD8E32829DEBB6B008017B1 /* MyColor.swift in Sources */ = {isa = PBXBuildFile; fileRef = 1DD8E32729DEBB6B008017B1 /* MyColor.swift */; };
		1DD8E32A29DEBB88008017B1 /* UIColor+Extension.swift in Sources */ = {isa = PBXBuildFile; fileRef = 1DD8E32929DEBB88008017B1 /* UIColor+Extension.swift */; };
		1DD8E32C29DEBBE3008017B1 /* ToDoCell.swift in Sources */ = {isa = PBXBuildFile; fileRef = 1DD8E32B29DEBBE3008017B1 /* ToDoCell.swift */; };
/* End PBXBuildFile section */

/* Begin PBXFileReference section */
		1DCFEA2B29DF99AD00C47F49 /* DetailViewController.swift */ = {isa = PBXFileReference; lastKnownFileType = sourcecode.swift; path = DetailViewController.swift; sourceTree = "<group>"; };
		1DCFEA2D29DF9A3800C47F49 /* CoreDataManger.swift */ = {isa = PBXFileReference; lastKnownFileType = sourcecode.swift; path = CoreDataManger.swift; sourceTree = "<group>"; };
		1DCFEA3429E3BD1300C47F49 /* MyToDoApp.xcdatamodel */ = {isa = PBXFileReference; lastKnownFileType = wrapper.xcdatamodel; path = MyToDoApp.xcdatamodel; sourceTree = "<group>"; };
		1DCFEA3829E3BDE800C47F49 /* ToDoData+CoreDataClass.swift */ = {isa = PBXFileReference; lastKnownFileType = sourcecode.swift; path = "ToDoData+CoreDataClass.swift"; sourceTree = "<group>"; };
		1DCFEA3929E3BDE800C47F49 /* ToDoData+CoreDataProperties.swift */ = {isa = PBXFileReference; lastKnownFileType = sourcecode.swift; path = "ToDoData+CoreDataProperties.swift"; sourceTree = "<group>"; };
		1DD8E30C29DEB66A008017B1 /* MyToDoApp.app */ = {isa = PBXFileReference; explicitFileType = wrapper.application; includeInIndex = 0; path = MyToDoApp.app; sourceTree = BUILT_PRODUCTS_DIR; };
		1DD8E30F29DEB66A008017B1 /* AppDelegate.swift */ = {isa = PBXFileReference; lastKnownFileType = sourcecode.swift; path = AppDelegate.swift; sourceTree = "<group>"; };
		1DD8E31129DEB66A008017B1 /* SceneDelegate.swift */ = {isa = PBXFileReference; lastKnownFileType = sourcecode.swift; path = SceneDelegate.swift; sourceTree = "<group>"; };
		1DD8E31329DEB66A008017B1 /* ViewController.swift */ = {isa = PBXFileReference; lastKnownFileType = sourcecode.swift; path = ViewController.swift; sourceTree = "<group>"; };
		1DD8E31629DEB66A008017B1 /* Base */ = {isa = PBXFileReference; lastKnownFileType = file.storyboard; name = Base; path = Base.lproj/Main.storyboard; sourceTree = "<group>"; };
		1DD8E31829DEB66E008017B1 /* Assets.xcassets */ = {isa = PBXFileReference; lastKnownFileType = folder.assetcatalog; path = Assets.xcassets; sourceTree = "<group>"; };
		1DD8E31B29DEB66E008017B1 /* Base */ = {isa = PBXFileReference; lastKnownFileType = file.storyboard; name = Base; path = Base.lproj/LaunchScreen.storyboard; sourceTree = "<group>"; };
		1DD8E31D29DEB66E008017B1 /* Info.plist */ = {isa = PBXFileReference; lastKnownFileType = text.plist.xml; path = Info.plist; sourceTree = "<group>"; };
		1DD8E32729DEBB6B008017B1 /* MyColor.swift */ = {isa = PBXFileReference; lastKnownFileType = sourcecode.swift; path = MyColor.swift; sourceTree = "<group>"; };
		1DD8E32929DEBB88008017B1 /* UIColor+Extension.swift */ = {isa = PBXFileReference; lastKnownFileType = sourcecode.swift; path = "UIColor+Extension.swift"; sourceTree = "<group>"; };
		1DD8E32B29DEBBE3008017B1 /* ToDoCell.swift */ = {isa = PBXFileReference; lastKnownFileType = sourcecode.swift; path = ToDoCell.swift; sourceTree = "<group>"; };
/* End PBXFileReference section */

/* Begin PBXFrameworksBuildPhase section */
		1DD8E30929DEB66A008017B1 /* Frameworks */ = {
			isa = PBXFrameworksBuildPhase;
			buildActionMask = 2147483647;
			files = (
			);
			runOnlyForDeploymentPostprocessing = 0;
		};
/* End PBXFrameworksBuildPhase section */

/* Begin PBXGroup section */
		1DD8E30329DEB66A008017B1 = {
			isa = PBXGroup;
			children = (
				1DD8E30E29DEB66A008017B1 /* MyToDoApp */,
				1DD8E30D29DEB66A008017B1 /* Products */,
			);
			sourceTree = "<group>";
		};
		1DD8E30D29DEB66A008017B1 /* Products */ = {
			isa = PBXGroup;
			children = (
				1DD8E30C29DEB66A008017B1 /* MyToDoApp.app */,
			);
			name = Products;
			sourceTree = "<group>";
		};
		1DD8E30E29DEB66A008017B1 /* MyToDoApp */ = {
			isa = PBXGroup;
			children = (
				1DD8E30F29DEB66A008017B1 /* AppDelegate.swift */,
				1DD8E31129DEB66A008017B1 /* SceneDelegate.swift */,
				1DD8E32329DEB9F1008017B1 /* Helpers */,
				1DD8E32429DEBA00008017B1 /* Models */,
				1DD8E32529DEBA0B008017B1 /* Views */,
				1DD8E32629DEBA15008017B1 /* Controllers */,
				1DD8E31529DEB66A008017B1 /* Main.storyboard */,
				1DD8E31829DEB66E008017B1 /* Assets.xcassets */,
				1DD8E31A29DEB66E008017B1 /* LaunchScreen.storyboard */,
				1DD8E31D29DEB66E008017B1 /* Info.plist */,
				1DCFEA3329E3BD1300C47F49 /* MyToDoApp.xcdatamodeld */,
			);
			path = MyToDoApp;
			sourceTree = "<group>";
		};
		1DD8E32329DEB9F1008017B1 /* Helpers */ = {
			isa = PBXGroup;
			children = (
				1DD8E32729DEBB6B008017B1 /* MyColor.swift */,
				1DD8E32929DEBB88008017B1 /* UIColor+Extension.swift */,
			);
			path = Helpers;
			sourceTree = "<group>";
		};
		1DD8E32429DEBA00008017B1 /* Models */ = {
			isa = PBXGroup;
			children = (
				1DCFEA3829E3BDE800C47F49 /* ToDoData+CoreDataClass.swift */,
				1DCFEA3929E3BDE800C47F49 /* ToDoData+CoreDataProperties.swift */,
				1DCFEA2D29DF9A3800C47F49 /* CoreDataManger.swift */,
			);
			path = Models;
			sourceTree = "<group>";
		};
		1DD8E32529DEBA0B008017B1 /* Views */ = {
			isa = PBXGroup;
			children = (
				1DD8E32B29DEBBE3008017B1 /* ToDoCell.swift */,
			);
			path = Views;
			sourceTree = "<group>";
		};
		1DD8E32629DEBA15008017B1 /* Controllers */ = {
			isa = PBXGroup;
			children = (
				1DD8E31329DEB66A008017B1 /* ViewController.swift */,
				1DCFEA2B29DF99AD00C47F49 /* DetailViewController.swift */,
			);
			path = Controllers;
			sourceTree = "<group>";
		};
/* End PBXGroup section */

/* Begin PBXNativeTarget section */
		1DD8E30B29DEB66A008017B1 /* MyToDoApp */ = {
			isa = PBXNativeTarget;
			buildConfigurationList = 1DD8E32029DEB66E008017B1 /* Build configuration list for PBXNativeTarget "MyToDoApp" */;
			buildPhases = (
				1DD8E30829DEB66A008017B1 /* Sources */,
				1DD8E30929DEB66A008017B1 /* Frameworks */,
				1DD8E30A29DEB66A008017B1 /* Resources */,
			);
			buildRules = (
			);
			dependencies = (
			);
			name = MyToDoApp;
			productName = MyToDoApp;
			productReference = 1DD8E30C29DEB66A008017B1 /* MyToDoApp.app */;
			productType = "com.apple.product-type.application";
		};
/* End PBXNativeTarget section */

/* Begin PBXProject section */
		1DD8E30429DEB66A008017B1 /* Project object */ = {
			isa = PBXProject;
			attributes = {
				BuildIndependentTargetsInParallel = 1;
				LastSwiftUpdateCheck = 1420;
				LastUpgradeCheck = 1420;
				TargetAttributes = {
					1DD8E30B29DEB66A008017B1 = {
						CreatedOnToolsVersion = 14.2;
					};
				};
			};
			buildConfigurationList = 1DD8E30729DEB66A008017B1 /* Build configuration list for PBXProject "MyToDoApp" */;
			compatibilityVersion = "Xcode 14.0";
			developmentRegion = en;
			hasScannedForEncodings = 0;
			knownRegions = (
				en,
				Base,
			);
			mainGroup = 1DD8E30329DEB66A008017B1;
			productRefGroup = 1DD8E30D29DEB66A008017B1 /* Products */;
			projectDirPath = "";
			projectRoot = "";
			targets = (
				1DD8E30B29DEB66A008017B1 /* MyToDoApp */,
			);
		};
/* End PBXProject section */

/* Begin PBXResourcesBuildPhase section */
		1DD8E30A29DEB66A008017B1 /* Resources */ = {
			isa = PBXResourcesBuildPhase;
			buildActionMask = 2147483647;
			files = (
				1DD8E31C29DEB66E008017B1 /* LaunchScreen.storyboard in Resources */,
				1DD8E31929DEB66E008017B1 /* Assets.xcassets in Resources */,
				1DD8E31729DEB66A008017B1 /* Main.storyboard in Resources */,
			);
			runOnlyForDeploymentPostprocessing = 0;
		};
/* End PBXResourcesBuildPhase section */

/* Begin PBXSourcesBuildPhase section */
		1DD8E30829DEB66A008017B1 /* Sources */ = {
			isa = PBXSourcesBuildPhase;
			buildActionMask = 2147483647;
			files = (
				1DD8E31429DEB66A008017B1 /* ViewController.swift in Sources */,
				1DCFEA2E29DF9A3800C47F49 /* CoreDataManger.swift in Sources */,
				1DD8E32C29DEBBE3008017B1 /* ToDoCell.swift in Sources */,
				1DCFEA3B29E3BDE800C47F49 /* ToDoData+CoreDataProperties.swift in Sources */,
				1DCFEA3A29E3BDE800C47F49 /* ToDoData+CoreDataClass.swift in Sources */,
				1DD8E32829DEBB6B008017B1 /* MyColor.swift in Sources */,
				1DD8E31029DEB66A008017B1 /* AppDelegate.swift in Sources */,
				1DD8E31229DEB66A008017B1 /* SceneDelegate.swift in Sources */,
				1DCFEA3529E3BD1300C47F49 /* MyToDoApp.xcdatamodeld in Sources */,
				1DD8E32A29DEBB88008017B1 /* UIColor+Extension.swift in Sources */,
				1DCFEA2C29DF99AD00C47F49 /* DetailViewController.swift in Sources */,
			);
			runOnlyForDeploymentPostprocessing = 0;
		};
/* End PBXSourcesBuildPhase section */

/* Begin PBXVariantGroup section */
		1DD8E31529DEB66A008017B1 /* Main.storyboard */ = {
			isa = PBXVariantGroup;
			children = (
				1DD8E31629DEB66A008017B1 /* Base */,
			);
			name = Main.storyboard;
			sourceTree = "<group>";
		};
		1DD8E31A29DEB66E008017B1 /* LaunchScreen.storyboard */ = {
			isa = PBXVariantGroup;
			children = (
				1DD8E31B29DEB66E008017B1 /* Base */,
			);
			name = LaunchScreen.storyboard;
			sourceTree = "<group>";
		};
/* End PBXVariantGroup section */

/* Begin XCBuildConfiguration section */
		1DD8E31E29DEB66E008017B1 /* Debug */ = {
			isa = XCBuildConfiguration;
			buildSettings = {
				ALWAYS_SEARCH_USER_PATHS = NO;
				CLANG_ANALYZER_NONNULL = YES;
				CLANG_ANALYZER_NUMBER_OBJECT_CONVERSION = YES_AGGRESSIVE;
				CLANG_CXX_LANGUAGE_STANDARD = "gnu++20";
				CLANG_ENABLE_MODULES = YES;
				CLANG_ENABLE_OBJC_ARC = YES;
				CLANG_ENABLE_OBJC_WEAK = YES;
				CLANG_WARN_BLOCK_CAPTURE_AUTORELEASING = YES;
				CLANG_WARN_BOOL_CONVERSION = YES;
				CLANG_WARN_COMMA = YES;
				CLANG_WARN_CONSTANT_CONVERSION = YES;
				CLANG_WARN_DEPRECATED_OBJC_IMPLEMENTATIONS = YES;
				CLANG_WARN_DIRECT_OBJC_ISA_USAGE = YES_ERROR;
				CLANG_WARN_DOCUMENTATION_COMMENTS = YES;
				CLANG_WARN_EMPTY_BODY = YES;
				CLANG_WARN_ENUM_CONVERSION = YES;
				CLANG_WARN_INFINITE_RECURSION = YES;
				CLANG_WARN_INT_CONVERSION = YES;
				CLANG_WARN_NON_LITERAL_NULL_CONVERSION = YES;
				CLANG_WARN_OBJC_IMPLICIT_RETAIN_SELF = YES;
				CLANG_WARN_OBJC_LITERAL_CONVERSION = YES;
				CLANG_WARN_OBJC_ROOT_CLASS = YES_ERROR;
				CLANG_WARN_QUOTED_INCLUDE_IN_FRAMEWORK_HEADER = YES;
				CLANG_WARN_RANGE_LOOP_ANALYSIS = YES;
				CLANG_WARN_STRICT_PROTOTYPES = YES;
				CLANG_WARN_SUSPICIOUS_MOVE = YES;
				CLANG_WARN_UNGUARDED_AVAILABILITY = YES_AGGRESSIVE;
				CLANG_WARN_UNREACHABLE_CODE = YES;
				CLANG_WARN__DUPLICATE_METHOD_MATCH = YES;
				COPY_PHASE_STRIP = NO;
				DEBUG_INFORMATION_FORMAT = dwarf;
				ENABLE_STRICT_OBJC_MSGSEND = YES;
				ENABLE_TESTABILITY = YES;
				GCC_C_LANGUAGE_STANDARD = gnu11;
				GCC_DYNAMIC_NO_PIC = NO;
				GCC_NO_COMMON_BLOCKS = YES;
				GCC_OPTIMIZATION_LEVEL = 0;
				GCC_PREPROCESSOR_DEFINITIONS = (
					"DEBUG=1",
					"$(inherited)",
				);
				GCC_WARN_64_TO_32_BIT_CONVERSION = YES;
				GCC_WARN_ABOUT_RETURN_TYPE = YES_ERROR;
				GCC_WARN_UNDECLARED_SELECTOR = YES;
				GCC_WARN_UNINITIALIZED_AUTOS = YES_AGGRESSIVE;
				GCC_WARN_UNUSED_FUNCTION = YES;
				GCC_WARN_UNUSED_VARIABLE = YES;
				IPHONEOS_DEPLOYMENT_TARGET = 16.2;
				MTL_ENABLE_DEBUG_INFO = INCLUDE_SOURCE;
				MTL_FAST_MATH = YES;
				ONLY_ACTIVE_ARCH = YES;
				SDKROOT = iphoneos;
				SWIFT_ACTIVE_COMPILATION_CONDITIONS = DEBUG;
				SWIFT_OPTIMIZATION_LEVEL = "-Onone";
			};
			name = Debug;
		};
		1DD8E31F29DEB66E008017B1 /* Release */ = {
			isa = XCBuildConfiguration;
			buildSettings = {
				ALWAYS_SEARCH_USER_PATHS = NO;
				CLANG_ANALYZER_NONNULL = YES;
				CLANG_ANALYZER_NUMBER_OBJECT_CONVERSION = YES_AGGRESSIVE;
				CLANG_CXX_LANGUAGE_STANDARD = "gnu++20";
				CLANG_ENABLE_MODULES = YES;
				CLANG_ENABLE_OBJC_ARC = YES;
				CLANG_ENABLE_OBJC_WEAK = YES;
				CLANG_WARN_BLOCK_CAPTURE_AUTORELEASING = YES;
				CLANG_WARN_BOOL_CONVERSION = YES;
				CLANG_WARN_COMMA = YES;
				CLANG_WARN_CONSTANT_CONVERSION = YES;
				CLANG_WARN_DEPRECATED_OBJC_IMPLEMENTATIONS = YES;
				CLANG_WARN_DIRECT_OBJC_ISA_USAGE = YES_ERROR;
				CLANG_WARN_DOCUMENTATION_COMMENTS = YES;
				CLANG_WARN_EMPTY_BODY = YES;
				CLANG_WARN_ENUM_CONVERSION = YES;
				CLANG_WARN_INFINITE_RECURSION = YES;
				CLANG_WARN_INT_CONVERSION = YES;
				CLANG_WARN_NON_LITERAL_NULL_CONVERSION = YES;
				CLANG_WARN_OBJC_IMPLICIT_RETAIN_SELF = YES;
				CLANG_WARN_OBJC_LITERAL_CONVERSION = YES;
				CLANG_WARN_OBJC_ROOT_CLASS = YES_ERROR;
				CLANG_WARN_QUOTED_INCLUDE_IN_FRAMEWORK_HEADER = YES;
				CLANG_WARN_RANGE_LOOP_ANALYSIS = YES;
				CLANG_WARN_STRICT_PROTOTYPES = YES;
				CLANG_WARN_SUSPICIOUS_MOVE = YES;
				CLANG_WARN_UNGUARDED_AVAILABILITY = YES_AGGRESSIVE;
				CLANG_WARN_UNREACHABLE_CODE = YES;
				CLANG_WARN__DUPLICATE_METHOD_MATCH = YES;
				COPY_PHASE_STRIP = NO;
				DEBUG_INFORMATION_FORMAT = "dwarf-with-dsym";
				ENABLE_NS_ASSERTIONS = NO;
				ENABLE_STRICT_OBJC_MSGSEND = YES;
				GCC_C_LANGUAGE_STANDARD = gnu11;
				GCC_NO_COMMON_BLOCKS = YES;
				GCC_WARN_64_TO_32_BIT_CONVERSION = YES;
				GCC_WARN_ABOUT_RETURN_TYPE = YES_ERROR;
				GCC_WARN_UNDECLARED_SELECTOR = YES;
				GCC_WARN_UNINITIALIZED_AUTOS = YES_AGGRESSIVE;
				GCC_WARN_UNUSED_FUNCTION = YES;
				GCC_WARN_UNUSED_VARIABLE = YES;
				IPHONEOS_DEPLOYMENT_TARGET = 16.2;
				MTL_ENABLE_DEBUG_INFO = NO;
				MTL_FAST_MATH = YES;
				SDKROOT = iphoneos;
				SWIFT_COMPILATION_MODE = wholemodule;
				SWIFT_OPTIMIZATION_LEVEL = "-O";
				VALIDATE_PRODUCT = YES;
			};
			name = Release;
		};
		1DD8E32129DEB66E008017B1 /* Debug */ = {
			isa = XCBuildConfiguration;
			buildSettings = {
				ASSETCATALOG_COMPILER_APPICON_NAME = AppIcon;
				ASSETCATALOG_COMPILER_GLOBAL_ACCENT_COLOR_NAME = AccentColor;
				CODE_SIGN_STYLE = Automatic;
				CURRENT_PROJECT_VERSION = 1;
				GENERATE_INFOPLIST_FILE = YES;
				INFOPLIST_FILE = MyToDoApp/Info.plist;
				INFOPLIST_KEY_UIApplicationSupportsIndirectInputEvents = YES;
				INFOPLIST_KEY_UILaunchStoryboardName = LaunchScreen;
				INFOPLIST_KEY_UIMainStoryboardFile = Main;
				INFOPLIST_KEY_UISupportedInterfaceOrientations_iPad = "UIInterfaceOrientationPortrait UIInterfaceOrientationPortraitUpsideDown UIInterfaceOrientationLandscapeLeft UIInterfaceOrientationLandscapeRight";
				INFOPLIST_KEY_UISupportedInterfaceOrientations_iPhone = "UIInterfaceOrientationPortrait UIInterfaceOrientationLandscapeLeft UIInterfaceOrientationLandscapeRight";
				LD_RUNPATH_SEARCH_PATHS = (
					"$(inherited)",
					"@executable_path/Frameworks",
				);
				MARKETING_VERSION = 1.0;
				PRODUCT_BUNDLE_IDENTIFIER = com.Jhong.MyToDoApp;
				PRODUCT_NAME = "$(TARGET_NAME)";
				SWIFT_EMIT_LOC_STRINGS = YES;
				SWIFT_VERSION = 5.0;
				TARGETED_DEVICE_FAMILY = "1,2";
			};
			name = Debug;
		};
		1DD8E32229DEB66E008017B1 /* Release */ = {
			isa = XCBuildConfiguration;
			buildSettings = {
				ASSETCATALOG_COMPILER_APPICON_NAME = AppIcon;
				ASSETCATALOG_COMPILER_GLOBAL_ACCENT_COLOR_NAME = AccentColor;
				CODE_SIGN_STYLE = Automatic;
				CURRENT_PROJECT_VERSION = 1;
				GENERATE_INFOPLIST_FILE = YES;
				INFOPLIST_FILE = MyToDoApp/Info.plist;
				INFOPLIST_KEY_UIApplicationSupportsIndirectInputEvents = YES;
				INFOPLIST_KEY_UILaunchStoryboardName = LaunchScreen;
				INFOPLIST_KEY_UIMainStoryboardFile = Main;
				INFOPLIST_KEY_UISupportedInterfaceOrientations_iPad = "UIInterfaceOrientationPortrait UIInterfaceOrientationPortraitUpsideDown UIInterfaceOrientationLandscapeLeft UIInterfaceOrientationLandscapeRight";
				INFOPLIST_KEY_UISupportedInterfaceOrientations_iPhone = "UIInterfaceOrientationPortrait UIInterfaceOrientationLandscapeLeft UIInterfaceOrientationLandscapeRight";
				LD_RUNPATH_SEARCH_PATHS = (
					"$(inherited)",
					"@executable_path/Frameworks",
				);
				MARKETING_VERSION = 1.0;
				PRODUCT_BUNDLE_IDENTIFIER = com.Jhong.MyToDoApp;
				PRODUCT_NAME = "$(TARGET_NAME)";
				SWIFT_EMIT_LOC_STRINGS = YES;
				SWIFT_VERSION = 5.0;
				TARGETED_DEVICE_FAMILY = "1,2";
			};
			name = Release;
		};
/* End XCBuildConfiguration section */

/* Begin XCConfigurationList section */
		1DD8E30729DEB66A008017B1 /* Build configuration list for PBXProject "MyToDoApp" */ = {
			isa = XCConfigurationList;
			buildConfigurations = (
				1DD8E31E29DEB66E008017B1 /* Debug */,
				1DD8E31F29DEB66E008017B1 /* Release */,
			);
			defaultConfigurationIsVisible = 0;
			defaultConfigurationName = Release;
		};
		1DD8E32029DEB66E008017B1 /* Build configuration list for PBXNativeTarget "MyToDoApp" */ = {
			isa = XCConfigurationList;
			buildConfigurations = (
				1DD8E32129DEB66E008017B1 /* Debug */,
				1DD8E32229DEB66E008017B1 /* Release */,
			);
			defaultConfigurationIsVisible = 0;
			defaultConfigurationName = Release;
		};
/* End XCConfigurationList section */

/* Begin XCVersionGroup section */
		1DCFEA3329E3BD1300C47F49 /* MyToDoApp.xcdatamodeld */ = {
			isa = XCVersionGroup;
			children = (
				1DCFEA3429E3BD1300C47F49 /* MyToDoApp.xcdatamodel */,
			);
			currentVersion = 1DCFEA3429E3BD1300C47F49 /* MyToDoApp.xcdatamodel */;
			path = MyToDoApp.xcdatamodeld;
			sourceTree = "<group>";
			versionGroupType = wrapper.xcdatamodel;
		};
/* End XCVersionGroup section */
	};
	rootObject = 1DD8E30429DEB66A008017B1 /* Project object */;
}
