// !$*UTF8*$!
{
	archiveVersion = 1;
	classes = {
	};
	objectVersion = 56;
	objects = {

/* Begin PBXBuildFile section */
		1DD5342A29B4E2F400531989 /* AppDelegate.swift in Sources */ = {isa = PBXBuildFile; fileRef = 1DD5342929B4E2F400531989 /* AppDelegate.swift */; };
		1DD5342C29B4E2F400531989 /* SceneDelegate.swift in Sources */ = {isa = PBXBuildFile; fileRef = 1DD5342B29B4E2F400531989 /* SceneDelegate.swift */; };
		1DD5342E29B4E2F400531989 /* LoginViewController.swift in Sources */ = {isa = PBXBuildFile; fileRef = 1DD5342D29B4E2F400531989 /* LoginViewController.swift */; };
		1DD5343129B4E2F400531989 /* Main.storyboard in Resources */ = {isa = PBXBuildFile; fileRef = 1DD5342F29B4E2F400531989 /* Main.storyboard */; };
		1DD5343329B4E2F600531989 /* Assets.xcassets in Resources */ = {isa = PBXBuildFile; fileRef = 1DD5343229B4E2F600531989 /* Assets.xcassets */; };
		1DD5343629B4E2F600531989 /* LaunchScreen.storyboard in Resources */ = {isa = PBXBuildFile; fileRef = 1DD5343429B4E2F600531989 /* LaunchScreen.storyboard */; };
		1DE54A5329B5D668006715F3 /* FirstViewController.swift in Sources */ = {isa = PBXBuildFile; fileRef = 1DE54A5229B5D668006715F3 /* FirstViewController.swift */; };
		1DE54A5529B5D672006715F3 /* SecondViewController.swift in Sources */ = {isa = PBXBuildFile; fileRef = 1DE54A5429B5D672006715F3 /* SecondViewController.swift */; };
		1DE54A5729B5D67C006715F3 /* ThirdViewController.swift in Sources */ = {isa = PBXBuildFile; fileRef = 1DE54A5629B5D67C006715F3 /* ThirdViewController.swift */; };
		1DE54A5929B5D68A006715F3 /* FourthViewController.swift in Sources */ = {isa = PBXBuildFile; fileRef = 1DE54A5829B5D68A006715F3 /* FourthViewController.swift */; };
		1DE54A5B29B5D6A0006715F3 /* FifthViewController.swift in Sources */ = {isa = PBXBuildFile; fileRef = 1DE54A5A29B5D6A0006715F3 /* FifthViewController.swift */; };
/* End PBXBuildFile section */

/* Begin PBXFileReference section */
		1DD5342629B4E2F400531989 /* N&TProjectCode.app */ = {isa = PBXFileReference; explicitFileType = wrapper.application; includeInIndex = 0; path = "N&TProjectCode.app"; sourceTree = BUILT_PRODUCTS_DIR; };
		1DD5342929B4E2F400531989 /* AppDelegate.swift */ = {isa = PBXFileReference; lastKnownFileType = sourcecode.swift; path = AppDelegate.swift; sourceTree = "<group>"; };
		1DD5342B29B4E2F400531989 /* SceneDelegate.swift */ = {isa = PBXFileReference; lastKnownFileType = sourcecode.swift; path = SceneDelegate.swift; sourceTree = "<group>"; };
		1DD5342D29B4E2F400531989 /* LoginViewController.swift */ = {isa = PBXFileReference; lastKnownFileType = sourcecode.swift; path = LoginViewController.swift; sourceTree = "<group>"; };
		1DD5343029B4E2F400531989 /* Base */ = {isa = PBXFileReference; lastKnownFileType = file.storyboard; name = Base; path = Base.lproj/Main.storyboard; sourceTree = "<group>"; };
		1DD5343229B4E2F600531989 /* Assets.xcassets */ = {isa = PBXFileReference; lastKnownFileType = folder.assetcatalog; path = Assets.xcassets; sourceTree = "<group>"; };
		1DD5343529B4E2F600531989 /* Base */ = {isa = PBXFileReference; lastKnownFileType = file.storyboard; name = Base; path = Base.lproj/LaunchScreen.storyboard; sourceTree = "<group>"; };
		1DD5343729B4E2F600531989 /* Info.plist */ = {isa = PBXFileReference; lastKnownFileType = text.plist.xml; path = Info.plist; sourceTree = "<group>"; };
		1DE54A5229B5D668006715F3 /* FirstViewController.swift */ = {isa = PBXFileReference; lastKnownFileType = sourcecode.swift; path = FirstViewController.swift; sourceTree = "<group>"; };
		1DE54A5429B5D672006715F3 /* SecondViewController.swift */ = {isa = PBXFileReference; lastKnownFileType = sourcecode.swift; path = SecondViewController.swift; sourceTree = "<group>"; };
		1DE54A5629B5D67C006715F3 /* ThirdViewController.swift */ = {isa = PBXFileReference; lastKnownFileType = sourcecode.swift; path = ThirdViewController.swift; sourceTree = "<group>"; };
		1DE54A5829B5D68A006715F3 /* FourthViewController.swift */ = {isa = PBXFileReference; lastKnownFileType = sourcecode.swift; path = FourthViewController.swift; sourceTree = "<group>"; };
		1DE54A5A29B5D6A0006715F3 /* FifthViewController.swift */ = {isa = PBXFileReference; lastKnownFileType = sourcecode.swift; path = FifthViewController.swift; sourceTree = "<group>"; };
/* End PBXFileReference section */

/* Begin PBXFrameworksBuildPhase section */
		1DD5342329B4E2F400531989 /* Frameworks */ = {
			isa = PBXFrameworksBuildPhase;
			buildActionMask = 2147483647;
			files = (
			);
			runOnlyForDeploymentPostprocessing = 0;
		};
/* End PBXFrameworksBuildPhase section */

/* Begin PBXGroup section */
		1DD5341D29B4E2F400531989 = {
			isa = PBXGroup;
			children = (
				1DD5342829B4E2F400531989 /* N&TProjectCode */,
				1DD5342729B4E2F400531989 /* Products */,
			);
			sourceTree = "<group>";
		};
		1DD5342729B4E2F400531989 /* Products */ = {
			isa = PBXGroup;
			children = (
				1DD5342629B4E2F400531989 /* N&TProjectCode.app */,
			);
			name = Products;
			sourceTree = "<group>";
		};
		1DD5342829B4E2F400531989 /* N&TProjectCode */ = {
			isa = PBXGroup;
			children = (
				1DD5342929B4E2F400531989 /* AppDelegate.swift */,
				1DD5342B29B4E2F400531989 /* SceneDelegate.swift */,
				1DD5342D29B4E2F400531989 /* LoginViewController.swift */,
				1DE54A5229B5D668006715F3 /* FirstViewController.swift */,
				1DE54A5429B5D672006715F3 /* SecondViewController.swift */,
				1DE54A5629B5D67C006715F3 /* ThirdViewController.swift */,
				1DE54A5829B5D68A006715F3 /* FourthViewController.swift */,
				1DE54A5A29B5D6A0006715F3 /* FifthViewController.swift */,
				1DD5342F29B4E2F400531989 /* Main.storyboard */,
				1DD5343229B4E2F600531989 /* Assets.xcassets */,
				1DD5343429B4E2F600531989 /* LaunchScreen.storyboard */,
				1DD5343729B4E2F600531989 /* Info.plist */,
			);
			path = "N&TProjectCode";
			sourceTree = "<group>";
		};
/* End PBXGroup section */

/* Begin PBXNativeTarget section */
		1DD5342529B4E2F400531989 /* N&TProjectCode */ = {
			isa = PBXNativeTarget;
			buildConfigurationList = 1DD5343A29B4E2F600531989 /* Build configuration list for PBXNativeTarget "N&TProjectCode" */;
			buildPhases = (
				1DD5342229B4E2F400531989 /* Sources */,
				1DD5342329B4E2F400531989 /* Frameworks */,
				1DD5342429B4E2F400531989 /* Resources */,
			);
			buildRules = (
			);
			dependencies = (
			);
			name = "N&TProjectCode";
			productName = "N&TProjectCode";
			productReference = 1DD5342629B4E2F400531989 /* N&TProjectCode.app */;
			productType = "com.apple.product-type.application";
		};
/* End PBXNativeTarget section */

/* Begin PBXProject section */
		1DD5341E29B4E2F400531989 /* Project object */ = {
			isa = PBXProject;
			attributes = {
				BuildIndependentTargetsInParallel = 1;
				LastSwiftUpdateCheck = 1420;
				LastUpgradeCheck = 1420;
				TargetAttributes = {
					1DD5342529B4E2F400531989 = {
						CreatedOnToolsVersion = 14.2;
					};
				};
			};
			buildConfigurationList = 1DD5342129B4E2F400531989 /* Build configuration list for PBXProject "N&TProjectCode" */;
			compatibilityVersion = "Xcode 14.0";
			developmentRegion = en;
			hasScannedForEncodings = 0;
			knownRegions = (
				en,
				Base,
			);
			mainGroup = 1DD5341D29B4E2F400531989;
			productRefGroup = 1DD5342729B4E2F400531989 /* Products */;
			projectDirPath = "";
			projectRoot = "";
			targets = (
				1DD5342529B4E2F400531989 /* N&TProjectCode */,
			);
		};
/* End PBXProject section */

/* Begin PBXResourcesBuildPhase section */
		1DD5342429B4E2F400531989 /* Resources */ = {
			isa = PBXResourcesBuildPhase;
			buildActionMask = 2147483647;
			files = (
				1DD5343629B4E2F600531989 /* LaunchScreen.storyboard in Resources */,
				1DD5343329B4E2F600531989 /* Assets.xcassets in Resources */,
				1DD5343129B4E2F400531989 /* Main.storyboard in Resources */,
			);
			runOnlyForDeploymentPostprocessing = 0;
		};
/* End PBXResourcesBuildPhase section */

/* Begin PBXSourcesBuildPhase section */
		1DD5342229B4E2F400531989 /* Sources */ = {
			isa = PBXSourcesBuildPhase;
			buildActionMask = 2147483647;
			files = (
				1DD5342E29B4E2F400531989 /* LoginViewController.swift in Sources */,
				1DD5342A29B4E2F400531989 /* AppDelegate.swift in Sources */,
				1DD5342C29B4E2F400531989 /* SceneDelegate.swift in Sources */,
				1DE54A5929B5D68A006715F3 /* FourthViewController.swift in Sources */,
				1DE54A5B29B5D6A0006715F3 /* FifthViewController.swift in Sources */,
				1DE54A5529B5D672006715F3 /* SecondViewController.swift in Sources */,
				1DE54A5729B5D67C006715F3 /* ThirdViewController.swift in Sources */,
				1DE54A5329B5D668006715F3 /* FirstViewController.swift in Sources */,
			);
			runOnlyForDeploymentPostprocessing = 0;
		};
/* End PBXSourcesBuildPhase section */

/* Begin PBXVariantGroup section */
		1DD5342F29B4E2F400531989 /* Main.storyboard */ = {
			isa = PBXVariantGroup;
			children = (
				1DD5343029B4E2F400531989 /* Base */,
			);
			name = Main.storyboard;
			sourceTree = "<group>";
		};
		1DD5343429B4E2F600531989 /* LaunchScreen.storyboard */ = {
			isa = PBXVariantGroup;
			children = (
				1DD5343529B4E2F600531989 /* Base */,
			);
			name = LaunchScreen.storyboard;
			sourceTree = "<group>";
		};
/* End PBXVariantGroup section */

/* Begin XCBuildConfiguration section */
		1DD5343829B4E2F600531989 /* Debug */ = {
			isa = XCBuildConfiguration;
			buildSettings = {
				ALWAYS_SEARCH_USER_PATHS = NO;
				CLANG_ANALYZER_NONNULL = YES;
				CLANG_ANALYZER_NUMBER_OBJECT_CONVERSION = YES_AGGRESSIVE;
				CLANG_CXX_LANGUAGE_STANDARD = "gnu++20";
				CLANG_ENABLE_MODULES = YES;
				CLANG_ENABLE_OBJC_ARC = YES;
				CLANG_ENABLE_OBJC_WEAK = YES;
				CLANG_WARN_BLOCK_CAPTURE_AUTORELEASING = YES;
				CLANG_WARN_BOOL_CONVERSION = YES;
				CLANG_WARN_COMMA = YES;
				CLANG_WARN_CONSTANT_CONVERSION = YES;
				CLANG_WARN_DEPRECATED_OBJC_IMPLEMENTATIONS = YES;
				CLANG_WARN_DIRECT_OBJC_ISA_USAGE = YES_ERROR;
				CLANG_WARN_DOCUMENTATION_COMMENTS = YES;
				CLANG_WARN_EMPTY_BODY = YES;
				CLANG_WARN_ENUM_CONVERSION = YES;
				CLANG_WARN_INFINITE_RECURSION = YES;
				CLANG_WARN_INT_CONVERSION = YES;
				CLANG_WARN_NON_LITERAL_NULL_CONVERSION = YES;
				CLANG_WARN_OBJC_IMPLICIT_RETAIN_SELF = YES;
				CLANG_WARN_OBJC_LITERAL_CONVERSION = YES;
				CLANG_WARN_OBJC_ROOT_CLASS = YES_ERROR;
				CLANG_WARN_QUOTED_INCLUDE_IN_FRAMEWORK_HEADER = YES;
				CLANG_WARN_RANGE_LOOP_ANALYSIS = YES;
				CLANG_WARN_STRICT_PROTOTYPES = YES;
				CLANG_WARN_SUSPICIOUS_MOVE = YES;
				CLANG_WARN_UNGUARDED_AVAILABILITY = YES_AGGRESSIVE;
				CLANG_WARN_UNREACHABLE_CODE = YES;
				CLANG_WARN__DUPLICATE_METHOD_MATCH = YES;
				COPY_PHASE_STRIP = NO;
				DEBUG_INFORMATION_FORMAT = dwarf;
				ENABLE_STRICT_OBJC_MSGSEND = YES;
				ENABLE_TESTABILITY = YES;
				GCC_C_LANGUAGE_STANDARD = gnu11;
				GCC_DYNAMIC_NO_PIC = NO;
				GCC_NO_COMMON_BLOCKS = YES;
				GCC_OPTIMIZATION_LEVEL = 0;
				GCC_PREPROCESSOR_DEFINITIONS = (
					"DEBUG=1",
					"$(inherited)",
				);
				GCC_WARN_64_TO_32_BIT_CONVERSION = YES;
				GCC_WARN_ABOUT_RETURN_TYPE = YES_ERROR;
				GCC_WARN_UNDECLARED_SELECTOR = YES;
				GCC_WARN_UNINITIALIZED_AUTOS = YES_AGGRESSIVE;
				GCC_WARN_UNUSED_FUNCTION = YES;
				GCC_WARN_UNUSED_VARIABLE = YES;
				IPHONEOS_DEPLOYMENT_TARGET = 16.2;
				MTL_ENABLE_DEBUG_INFO = INCLUDE_SOURCE;
				MTL_FAST_MATH = YES;
				ONLY_ACTIVE_ARCH = YES;
				SDKROOT = iphoneos;
				SWIFT_ACTIVE_COMPILATION_CONDITIONS = DEBUG;
				SWIFT_OPTIMIZATION_LEVEL = "-Onone";
			};
			name = Debug;
		};
		1DD5343929B4E2F600531989 /* Release */ = {
			isa = XCBuildConfiguration;
			buildSettings = {
				ALWAYS_SEARCH_USER_PATHS = NO;
				CLANG_ANALYZER_NONNULL = YES;
				CLANG_ANALYZER_NUMBER_OBJECT_CONVERSION = YES_AGGRESSIVE;
				CLANG_CXX_LANGUAGE_STANDARD = "gnu++20";
				CLANG_ENABLE_MODULES = YES;
				CLANG_ENABLE_OBJC_ARC = YES;
				CLANG_ENABLE_OBJC_WEAK = YES;
				CLANG_WARN_BLOCK_CAPTURE_AUTORELEASING = YES;
				CLANG_WARN_BOOL_CONVERSION = YES;
				CLANG_WARN_COMMA = YES;
				CLANG_WARN_CONSTANT_CONVERSION = YES;
				CLANG_WARN_DEPRECATED_OBJC_IMPLEMENTATIONS = YES;
				CLANG_WARN_DIRECT_OBJC_ISA_USAGE = YES_ERROR;
				CLANG_WARN_DOCUMENTATION_COMMENTS = YES;
				CLANG_WARN_EMPTY_BODY = YES;
				CLANG_WARN_ENUM_CONVERSION = YES;
				CLANG_WARN_INFINITE_RECURSION = YES;
				CLANG_WARN_INT_CONVERSION = YES;
				CLANG_WARN_NON_LITERAL_NULL_CONVERSION = YES;
				CLANG_WARN_OBJC_IMPLICIT_RETAIN_SELF = YES;
				CLANG_WARN_OBJC_LITERAL_CONVERSION = YES;
				CLANG_WARN_OBJC_ROOT_CLASS = YES_ERROR;
				CLANG_WARN_QUOTED_INCLUDE_IN_FRAMEWORK_HEADER = YES;
				CLANG_WARN_RANGE_LOOP_ANALYSIS = YES;
				CLANG_WARN_STRICT_PROTOTYPES = YES;
				CLANG_WARN_SUSPICIOUS_MOVE = YES;
				CLANG_WARN_UNGUARDED_AVAILABILITY = YES_AGGRESSIVE;
				CLANG_WARN_UNREACHABLE_CODE = YES;
				CLANG_WARN__DUPLICATE_METHOD_MATCH = YES;
				COPY_PHASE_STRIP = NO;
				DEBUG_INFORMATION_FORMAT = "dwarf-with-dsym";
				ENABLE_NS_ASSERTIONS = NO;
				ENABLE_STRICT_OBJC_MSGSEND = YES;
				GCC_C_LANGUAGE_STANDARD = gnu11;
				GCC_NO_COMMON_BLOCKS = YES;
				GCC_WARN_64_TO_32_BIT_CONVERSION = YES;
				GCC_WARN_ABOUT_RETURN_TYPE = YES_ERROR;
				GCC_WARN_UNDECLARED_SELECTOR = YES;
				GCC_WARN_UNINITIALIZED_AUTOS = YES_AGGRESSIVE;
				GCC_WARN_UNUSED_FUNCTION = YES;
				GCC_WARN_UNUSED_VARIABLE = YES;
				IPHONEOS_DEPLOYMENT_TARGET = 16.2;
				MTL_ENABLE_DEBUG_INFO = NO;
				MTL_FAST_MATH = YES;
				SDKROOT = iphoneos;
				SWIFT_COMPILATION_MODE = wholemodule;
				SWIFT_OPTIMIZATION_LEVEL = "-O";
				VALIDATE_PRODUCT = YES;
			};
			name = Release;
		};
		1DD5343B29B4E2F600531989 /* Debug */ = {
			isa = XCBuildConfiguration;
			buildSettings = {
				ASSETCATALOG_COMPILER_APPICON_NAME = AppIcon;
				ASSETCATALOG_COMPILER_GLOBAL_ACCENT_COLOR_NAME = AccentColor;
				CODE_SIGN_STYLE = Automatic;
				CURRENT_PROJECT_VERSION = 1;
				GENERATE_INFOPLIST_FILE = YES;
				INFOPLIST_FILE = "N&TProjectCode/Info.plist";
				INFOPLIST_KEY_UIApplicationSupportsIndirectInputEvents = YES;
				INFOPLIST_KEY_UILaunchStoryboardName = LaunchScreen;
				INFOPLIST_KEY_UIMainStoryboardFile = Main;
				INFOPLIST_KEY_UISupportedInterfaceOrientations_iPad = "UIInterfaceOrientationPortrait UIInterfaceOrientationPortraitUpsideDown UIInterfaceOrientationLandscapeLeft UIInterfaceOrientationLandscapeRight";
				INFOPLIST_KEY_UISupportedInterfaceOrientations_iPhone = "UIInterfaceOrientationPortrait UIInterfaceOrientationLandscapeLeft UIInterfaceOrientationLandscapeRight";
				LD_RUNPATH_SEARCH_PATHS = (
					"$(inherited)",
					"@executable_path/Frameworks",
				);
				MARKETING_VERSION = 1.0;
				PRODUCT_BUNDLE_IDENTIFIER = "com.Jhong.N-TProjectCode";
				PRODUCT_NAME = "$(TARGET_NAME)";
				SWIFT_EMIT_LOC_STRINGS = YES;
				SWIFT_VERSION = 5.0;
				TARGETED_DEVICE_FAMILY = "1,2";
			};
			name = Debug;
		};
		1DD5343C29B4E2F600531989 /* Release */ = {
			isa = XCBuildConfiguration;
			buildSettings = {
				ASSETCATALOG_COMPILER_APPICON_NAME = AppIcon;
				ASSETCATALOG_COMPILER_GLOBAL_ACCENT_COLOR_NAME = AccentColor;
				CODE_SIGN_STYLE = Automatic;
				CURRENT_PROJECT_VERSION = 1;
				GENERATE_INFOPLIST_FILE = YES;
				INFOPLIST_FILE = "N&TProjectCode/Info.plist";
				INFOPLIST_KEY_UIApplicationSupportsIndirectInputEvents = YES;
				INFOPLIST_KEY_UILaunchStoryboardName = LaunchScreen;
				INFOPLIST_KEY_UIMainStoryboardFile = Main;
				INFOPLIST_KEY_UISupportedInterfaceOrientations_iPad = "UIInterfaceOrientationPortrait UIInterfaceOrientationPortraitUpsideDown UIInterfaceOrientationLandscapeLeft UIInterfaceOrientationLandscapeRight";
				INFOPLIST_KEY_UISupportedInterfaceOrientations_iPhone = "UIInterfaceOrientationPortrait UIInterfaceOrientationLandscapeLeft UIInterfaceOrientationLandscapeRight";
				LD_RUNPATH_SEARCH_PATHS = (
					"$(inherited)",
					"@executable_path/Frameworks",
				);
				MARKETING_VERSION = 1.0;
				PRODUCT_BUNDLE_IDENTIFIER = "com.Jhong.N-TProjectCode";
				PRODUCT_NAME = "$(TARGET_NAME)";
				SWIFT_EMIT_LOC_STRINGS = YES;
				SWIFT_VERSION = 5.0;
				TARGETED_DEVICE_FAMILY = "1,2";
			};
			name = Release;
		};
/* End XCBuildConfiguration section */

/* Begin XCConfigurationList section */
		1DD5342129B4E2F400531989 /* Build configuration list for PBXProject "N&TProjectCode" */ = {
			isa = XCConfigurationList;
			buildConfigurations = (
				1DD5343829B4E2F600531989 /* Debug */,
				1DD5343929B4E2F600531989 /* Release */,
			);
			defaultConfigurationIsVisible = 0;
			defaultConfigurationName = Release;
		};
		1DD5343A29B4E2F600531989 /* Build configuration list for PBXNativeTarget "N&TProjectCode" */ = {
			isa = XCConfigurationList;
			buildConfigurations = (
				1DD5343B29B4E2F600531989 /* Debug */,
				1DD5343C29B4E2F600531989 /* Release */,
			);
			defaultConfigurationIsVisible = 0;
			defaultConfigurationName = Release;
		};
/* End XCConfigurationList section */
	};
	rootObject = 1DD5341E29B4E2F400531989 /* Project object */;
}
