// !$*UTF8*$!
{
	archiveVersion = 1;
	classes = {
	};
	objectVersion = 56;
	objects = {

/* Begin PBXBuildFile section */
		1DAD873C29BAC7C8003F47C4 /* AppDelegate.swift in Sources */ = {isa = PBXBuildFile; fileRef = 1DAD873B29BAC7C8003F47C4 /* AppDelegate.swift */; };
		1DAD873E29BAC7C8003F47C4 /* SceneDelegate.swift in Sources */ = {isa = PBXBuildFile; fileRef = 1DAD873D29BAC7C8003F47C4 /* SceneDelegate.swift */; };
		1DAD874029BAC7C8003F47C4 /* ViewController.swift in Sources */ = {isa = PBXBuildFile; fileRef = 1DAD873F29BAC7C8003F47C4 /* ViewController.swift */; };
		1DAD874329BAC7C8003F47C4 /* Main.storyboard in Resources */ = {isa = PBXBuildFile; fileRef = 1DAD874129BAC7C8003F47C4 /* Main.storyboard */; };
		1DAD874529BAC7CA003F47C4 /* Assets.xcassets in Resources */ = {isa = PBXBuildFile; fileRef = 1DAD874429BAC7CA003F47C4 /* Assets.xcassets */; };
		1DAD874829BAC7CA003F47C4 /* LaunchScreen.storyboard in Resources */ = {isa = PBXBuildFile; fileRef = 1DAD874629BAC7CA003F47C4 /* LaunchScreen.storyboard */; };
		1DAD875329BACB3F003F47C4 /* Member.swift in Sources */ = {isa = PBXBuildFile; fileRef = 1DAD875229BACB3F003F47C4 /* Member.swift */; };
		1DAD875529BB1169003F47C4 /* MemberListManager.swift in Sources */ = {isa = PBXBuildFile; fileRef = 1DAD875429BB1168003F47C4 /* MemberListManager.swift */; };
		1DAD875729BB1F57003F47C4 /* MyTableViewCell.swift in Sources */ = {isa = PBXBuildFile; fileRef = 1DAD875629BB1F57003F47C4 /* MyTableViewCell.swift */; };
		1DAD875B29BEB3FC003F47C4 /* DetailView.swift in Sources */ = {isa = PBXBuildFile; fileRef = 1DAD875A29BEB3FC003F47C4 /* DetailView.swift */; };
		1DAD875D29BEB42B003F47C4 /* DetailViewController.swift in Sources */ = {isa = PBXBuildFile; fileRef = 1DAD875C29BEB42B003F47C4 /* DetailViewController.swift */; };
/* End PBXBuildFile section */

/* Begin PBXFileReference section */
		1DAD873829BAC7C8003F47C4 /* MemberList.app */ = {isa = PBXFileReference; explicitFileType = wrapper.application; includeInIndex = 0; path = MemberList.app; sourceTree = BUILT_PRODUCTS_DIR; };
		1DAD873B29BAC7C8003F47C4 /* AppDelegate.swift */ = {isa = PBXFileReference; lastKnownFileType = sourcecode.swift; path = AppDelegate.swift; sourceTree = "<group>"; };
		1DAD873D29BAC7C8003F47C4 /* SceneDelegate.swift */ = {isa = PBXFileReference; lastKnownFileType = sourcecode.swift; path = SceneDelegate.swift; sourceTree = "<group>"; };
		1DAD873F29BAC7C8003F47C4 /* ViewController.swift */ = {isa = PBXFileReference; lastKnownFileType = sourcecode.swift; path = ViewController.swift; sourceTree = "<group>"; };
		1DAD874229BAC7C8003F47C4 /* Base */ = {isa = PBXFileReference; lastKnownFileType = file.storyboard; name = Base; path = Base.lproj/Main.storyboard; sourceTree = "<group>"; };
		1DAD874429BAC7CA003F47C4 /* Assets.xcassets */ = {isa = PBXFileReference; lastKnownFileType = folder.assetcatalog; path = Assets.xcassets; sourceTree = "<group>"; };
		1DAD874729BAC7CA003F47C4 /* Base */ = {isa = PBXFileReference; lastKnownFileType = file.storyboard; name = Base; path = Base.lproj/LaunchScreen.storyboard; sourceTree = "<group>"; };
		1DAD874929BAC7CA003F47C4 /* Info.plist */ = {isa = PBXFileReference; lastKnownFileType = text.plist.xml; path = Info.plist; sourceTree = "<group>"; };
		1DAD875229BACB3F003F47C4 /* Member.swift */ = {isa = PBXFileReference; lastKnownFileType = sourcecode.swift; name = Member.swift; path = ../../../../../Downloads/Member.swift; sourceTree = "<group>"; };
		1DAD875429BB1168003F47C4 /* MemberListManager.swift */ = {isa = PBXFileReference; lastKnownFileType = sourcecode.swift; path = MemberListManager.swift; sourceTree = "<group>"; };
		1DAD875629BB1F57003F47C4 /* MyTableViewCell.swift */ = {isa = PBXFileReference; lastKnownFileType = sourcecode.swift; path = MyTableViewCell.swift; sourceTree = "<group>"; };
		1DAD875A29BEB3FC003F47C4 /* DetailView.swift */ = {isa = PBXFileReference; lastKnownFileType = sourcecode.swift; path = DetailView.swift; sourceTree = "<group>"; };
		1DAD875C29BEB42B003F47C4 /* DetailViewController.swift */ = {isa = PBXFileReference; lastKnownFileType = sourcecode.swift; path = DetailViewController.swift; sourceTree = "<group>"; };
/* End PBXFileReference section */

/* Begin PBXFrameworksBuildPhase section */
		1DAD873529BAC7C8003F47C4 /* Frameworks */ = {
			isa = PBXFrameworksBuildPhase;
			buildActionMask = 2147483647;
			files = (
			);
			runOnlyForDeploymentPostprocessing = 0;
		};
/* End PBXFrameworksBuildPhase section */

/* Begin PBXGroup section */
		1DAD872F29BAC7C8003F47C4 = {
			isa = PBXGroup;
			children = (
				1DAD873A29BAC7C8003F47C4 /* MemberList */,
				1DAD873929BAC7C8003F47C4 /* Products */,
			);
			sourceTree = "<group>";
		};
		1DAD873929BAC7C8003F47C4 /* Products */ = {
			isa = PBXGroup;
			children = (
				1DAD873829BAC7C8003F47C4 /* MemberList.app */,
			);
			name = Products;
			sourceTree = "<group>";
		};
		1DAD873A29BAC7C8003F47C4 /* MemberList */ = {
			isa = PBXGroup;
			children = (
				1DAD873B29BAC7C8003F47C4 /* AppDelegate.swift */,
				1DAD873D29BAC7C8003F47C4 /* SceneDelegate.swift */,
				1DAD875129BACAFF003F47C4 /* Models */,
				1DAD875029BACAF8003F47C4 /* Views */,
				1DAD874F29BACAED003F47C4 /* Controllers */,
				1DAD874129BAC7C8003F47C4 /* Main.storyboard */,
				1DAD874429BAC7CA003F47C4 /* Assets.xcassets */,
				1DAD874629BAC7CA003F47C4 /* LaunchScreen.storyboard */,
				1DAD874929BAC7CA003F47C4 /* Info.plist */,
			);
			path = MemberList;
			sourceTree = "<group>";
		};
		1DAD874F29BACAED003F47C4 /* Controllers */ = {
			isa = PBXGroup;
			children = (
				1DAD873F29BAC7C8003F47C4 /* ViewController.swift */,
				1DAD875C29BEB42B003F47C4 /* DetailViewController.swift */,
			);
			path = Controllers;
			sourceTree = "<group>";
		};
		1DAD875029BACAF8003F47C4 /* Views */ = {
			isa = PBXGroup;
			children = (
				1DAD875629BB1F57003F47C4 /* MyTableViewCell.swift */,
				1DAD875A29BEB3FC003F47C4 /* DetailView.swift */,
			);
			path = Views;
			sourceTree = "<group>";
		};
		1DAD875129BACAFF003F47C4 /* Models */ = {
			isa = PBXGroup;
			children = (
				1DAD875229BACB3F003F47C4 /* Member.swift */,
				1DAD875429BB1168003F47C4 /* MemberListManager.swift */,
			);
			path = Models;
			sourceTree = "<group>";
		};
/* End PBXGroup section */

/* Begin PBXNativeTarget section */
		1DAD873729BAC7C8003F47C4 /* MemberList */ = {
			isa = PBXNativeTarget;
			buildConfigurationList = 1DAD874C29BAC7CA003F47C4 /* Build configuration list for PBXNativeTarget "MemberList" */;
			buildPhases = (
				1DAD873429BAC7C8003F47C4 /* Sources */,
				1DAD873529BAC7C8003F47C4 /* Frameworks */,
				1DAD873629BAC7C8003F47C4 /* Resources */,
			);
			buildRules = (
			);
			dependencies = (
			);
			name = MemberList;
			productName = MemberList;
			productReference = 1DAD873829BAC7C8003F47C4 /* MemberList.app */;
			productType = "com.apple.product-type.application";
		};
/* End PBXNativeTarget section */

/* Begin PBXProject section */
		1DAD873029BAC7C8003F47C4 /* Project object */ = {
			isa = PBXProject;
			attributes = {
				BuildIndependentTargetsInParallel = 1;
				LastSwiftUpdateCheck = 1420;
				LastUpgradeCheck = 1420;
				TargetAttributes = {
					1DAD873729BAC7C8003F47C4 = {
						CreatedOnToolsVersion = 14.2;
					};
				};
			};
			buildConfigurationList = 1DAD873329BAC7C8003F47C4 /* Build configuration list for PBXProject "MemberList" */;
			compatibilityVersion = "Xcode 14.0";
			developmentRegion = en;
			hasScannedForEncodings = 0;
			knownRegions = (
				en,
				Base,
			);
			mainGroup = 1DAD872F29BAC7C8003F47C4;
			productRefGroup = 1DAD873929BAC7C8003F47C4 /* Products */;
			projectDirPath = "";
			projectRoot = "";
			targets = (
				1DAD873729BAC7C8003F47C4 /* MemberList */,
			);
		};
/* End PBXProject section */

/* Begin PBXResourcesBuildPhase section */
		1DAD873629BAC7C8003F47C4 /* Resources */ = {
			isa = PBXResourcesBuildPhase;
			buildActionMask = 2147483647;
			files = (
				1DAD874829BAC7CA003F47C4 /* LaunchScreen.storyboard in Resources */,
				1DAD874529BAC7CA003F47C4 /* Assets.xcassets in Resources */,
				1DAD874329BAC7C8003F47C4 /* Main.storyboard in Resources */,
			);
			runOnlyForDeploymentPostprocessing = 0;
		};
/* End PBXResourcesBuildPhase section */

/* Begin PBXSourcesBuildPhase section */
		1DAD873429BAC7C8003F47C4 /* Sources */ = {
			isa = PBXSourcesBuildPhase;
			buildActionMask = 2147483647;
			files = (
				1DAD875D29BEB42B003F47C4 /* DetailViewController.swift in Sources */,
				1DAD875529BB1169003F47C4 /* MemberListManager.swift in Sources */,
				1DAD875B29BEB3FC003F47C4 /* DetailView.swift in Sources */,
				1DAD874029BAC7C8003F47C4 /* ViewController.swift in Sources */,
				1DAD873C29BAC7C8003F47C4 /* AppDelegate.swift in Sources */,
				1DAD873E29BAC7C8003F47C4 /* SceneDelegate.swift in Sources */,
				1DAD875329BACB3F003F47C4 /* Member.swift in Sources */,
				1DAD875729BB1F57003F47C4 /* MyTableViewCell.swift in Sources */,
			);
			runOnlyForDeploymentPostprocessing = 0;
		};
/* End PBXSourcesBuildPhase section */

/* Begin PBXVariantGroup section */
		1DAD874129BAC7C8003F47C4 /* Main.storyboard */ = {
			isa = PBXVariantGroup;
			children = (
				1DAD874229BAC7C8003F47C4 /* Base */,
			);
			name = Main.storyboard;
			sourceTree = "<group>";
		};
		1DAD874629BAC7CA003F47C4 /* LaunchScreen.storyboard */ = {
			isa = PBXVariantGroup;
			children = (
				1DAD874729BAC7CA003F47C4 /* Base */,
			);
			name = LaunchScreen.storyboard;
			sourceTree = "<group>";
		};
/* End PBXVariantGroup section */

/* Begin XCBuildConfiguration section */
		1DAD874A29BAC7CA003F47C4 /* Debug */ = {
			isa = XCBuildConfiguration;
			buildSettings = {
				ALWAYS_SEARCH_USER_PATHS = NO;
				CLANG_ANALYZER_NONNULL = YES;
				CLANG_ANALYZER_NUMBER_OBJECT_CONVERSION = YES_AGGRESSIVE;
				CLANG_CXX_LANGUAGE_STANDARD = "gnu++20";
				CLANG_ENABLE_MODULES = YES;
				CLANG_ENABLE_OBJC_ARC = YES;
				CLANG_ENABLE_OBJC_WEAK = YES;
				CLANG_WARN_BLOCK_CAPTURE_AUTORELEASING = YES;
				CLANG_WARN_BOOL_CONVERSION = YES;
				CLANG_WARN_COMMA = YES;
				CLANG_WARN_CONSTANT_CONVERSION = YES;
				CLANG_WARN_DEPRECATED_OBJC_IMPLEMENTATIONS = YES;
				CLANG_WARN_DIRECT_OBJC_ISA_USAGE = YES_ERROR;
				CLANG_WARN_DOCUMENTATION_COMMENTS = YES;
				CLANG_WARN_EMPTY_BODY = YES;
				CLANG_WARN_ENUM_CONVERSION = YES;
				CLANG_WARN_INFINITE_RECURSION = YES;
				CLANG_WARN_INT_CONVERSION = YES;
				CLANG_WARN_NON_LITERAL_NULL_CONVERSION = YES;
				CLANG_WARN_OBJC_IMPLICIT_RETAIN_SELF = YES;
				CLANG_WARN_OBJC_LITERAL_CONVERSION = YES;
				CLANG_WARN_OBJC_ROOT_CLASS = YES_ERROR;
				CLANG_WARN_QUOTED_INCLUDE_IN_FRAMEWORK_HEADER = YES;
				CLANG_WARN_RANGE_LOOP_ANALYSIS = YES;
				CLANG_WARN_STRICT_PROTOTYPES = YES;
				CLANG_WARN_SUSPICIOUS_MOVE = YES;
				CLANG_WARN_UNGUARDED_AVAILABILITY = YES_AGGRESSIVE;
				CLANG_WARN_UNREACHABLE_CODE = YES;
				CLANG_WARN__DUPLICATE_METHOD_MATCH = YES;
				COPY_PHASE_STRIP = NO;
				DEBUG_INFORMATION_FORMAT = dwarf;
				ENABLE_STRICT_OBJC_MSGSEND = YES;
				ENABLE_TESTABILITY = YES;
				GCC_C_LANGUAGE_STANDARD = gnu11;
				GCC_DYNAMIC_NO_PIC = NO;
				GCC_NO_COMMON_BLOCKS = YES;
				GCC_OPTIMIZATION_LEVEL = 0;
				GCC_PREPROCESSOR_DEFINITIONS = (
					"DEBUG=1",
					"$(inherited)",
				);
				GCC_WARN_64_TO_32_BIT_CONVERSION = YES;
				GCC_WARN_ABOUT_RETURN_TYPE = YES_ERROR;
				GCC_WARN_UNDECLARED_SELECTOR = YES;
				GCC_WARN_UNINITIALIZED_AUTOS = YES_AGGRESSIVE;
				GCC_WARN_UNUSED_FUNCTION = YES;
				GCC_WARN_UNUSED_VARIABLE = YES;
				IPHONEOS_DEPLOYMENT_TARGET = 16.2;
				MTL_ENABLE_DEBUG_INFO = INCLUDE_SOURCE;
				MTL_FAST_MATH = YES;
				ONLY_ACTIVE_ARCH = YES;
				SDKROOT = iphoneos;
				SWIFT_ACTIVE_COMPILATION_CONDITIONS = DEBUG;
				SWIFT_OPTIMIZATION_LEVEL = "-Onone";
			};
			name = Debug;
		};
		1DAD874B29BAC7CA003F47C4 /* Release */ = {
			isa = XCBuildConfiguration;
			buildSettings = {
				ALWAYS_SEARCH_USER_PATHS = NO;
				CLANG_ANALYZER_NONNULL = YES;
				CLANG_ANALYZER_NUMBER_OBJECT_CONVERSION = YES_AGGRESSIVE;
				CLANG_CXX_LANGUAGE_STANDARD = "gnu++20";
				CLANG_ENABLE_MODULES = YES;
				CLANG_ENABLE_OBJC_ARC = YES;
				CLANG_ENABLE_OBJC_WEAK = YES;
				CLANG_WARN_BLOCK_CAPTURE_AUTORELEASING = YES;
				CLANG_WARN_BOOL_CONVERSION = YES;
				CLANG_WARN_COMMA = YES;
				CLANG_WARN_CONSTANT_CONVERSION = YES;
				CLANG_WARN_DEPRECATED_OBJC_IMPLEMENTATIONS = YES;
				CLANG_WARN_DIRECT_OBJC_ISA_USAGE = YES_ERROR;
				CLANG_WARN_DOCUMENTATION_COMMENTS = YES;
				CLANG_WARN_EMPTY_BODY = YES;
				CLANG_WARN_ENUM_CONVERSION = YES;
				CLANG_WARN_INFINITE_RECURSION = YES;
				CLANG_WARN_INT_CONVERSION = YES;
				CLANG_WARN_NON_LITERAL_NULL_CONVERSION = YES;
				CLANG_WARN_OBJC_IMPLICIT_RETAIN_SELF = YES;
				CLANG_WARN_OBJC_LITERAL_CONVERSION = YES;
				CLANG_WARN_OBJC_ROOT_CLASS = YES_ERROR;
				CLANG_WARN_QUOTED_INCLUDE_IN_FRAMEWORK_HEADER = YES;
				CLANG_WARN_RANGE_LOOP_ANALYSIS = YES;
				CLANG_WARN_STRICT_PROTOTYPES = YES;
				CLANG_WARN_SUSPICIOUS_MOVE = YES;
				CLANG_WARN_UNGUARDED_AVAILABILITY = YES_AGGRESSIVE;
				CLANG_WARN_UNREACHABLE_CODE = YES;
				CLANG_WARN__DUPLICATE_METHOD_MATCH = YES;
				COPY_PHASE_STRIP = NO;
				DEBUG_INFORMATION_FORMAT = "dwarf-with-dsym";
				ENABLE_NS_ASSERTIONS = NO;
				ENABLE_STRICT_OBJC_MSGSEND = YES;
				GCC_C_LANGUAGE_STANDARD = gnu11;
				GCC_NO_COMMON_BLOCKS = YES;
				GCC_WARN_64_TO_32_BIT_CONVERSION = YES;
				GCC_WARN_ABOUT_RETURN_TYPE = YES_ERROR;
				GCC_WARN_UNDECLARED_SELECTOR = YES;
				GCC_WARN_UNINITIALIZED_AUTOS = YES_AGGRESSIVE;
				GCC_WARN_UNUSED_FUNCTION = YES;
				GCC_WARN_UNUSED_VARIABLE = YES;
				IPHONEOS_DEPLOYMENT_TARGET = 16.2;
				MTL_ENABLE_DEBUG_INFO = NO;
				MTL_FAST_MATH = YES;
				SDKROOT = iphoneos;
				SWIFT_COMPILATION_MODE = wholemodule;
				SWIFT_OPTIMIZATION_LEVEL = "-O";
				VALIDATE_PRODUCT = YES;
			};
			name = Release;
		};
		1DAD874D29BAC7CA003F47C4 /* Debug */ = {
			isa = XCBuildConfiguration;
			buildSettings = {
				ASSETCATALOG_COMPILER_APPICON_NAME = AppIcon;
				ASSETCATALOG_COMPILER_GLOBAL_ACCENT_COLOR_NAME = AccentColor;
				CODE_SIGN_STYLE = Automatic;
				CURRENT_PROJECT_VERSION = 1;
				GENERATE_INFOPLIST_FILE = YES;
				INFOPLIST_FILE = MemberList/Info.plist;
				INFOPLIST_KEY_UIApplicationSupportsIndirectInputEvents = YES;
				INFOPLIST_KEY_UILaunchStoryboardName = LaunchScreen;
				INFOPLIST_KEY_UIMainStoryboardFile = Main;
				INFOPLIST_KEY_UISupportedInterfaceOrientations_iPad = "UIInterfaceOrientationPortrait UIInterfaceOrientationPortraitUpsideDown UIInterfaceOrientationLandscapeLeft UIInterfaceOrientationLandscapeRight";
				INFOPLIST_KEY_UISupportedInterfaceOrientations_iPhone = "UIInterfaceOrientationPortrait UIInterfaceOrientationLandscapeLeft UIInterfaceOrientationLandscapeRight";
				LD_RUNPATH_SEARCH_PATHS = (
					"$(inherited)",
					"@executable_path/Frameworks",
				);
				MARKETING_VERSION = 1.0;
				PRODUCT_BUNDLE_IDENTIFIER = com.Jhong.MemberList;
				PRODUCT_NAME = "$(TARGET_NAME)";
				SWIFT_EMIT_LOC_STRINGS = YES;
				SWIFT_VERSION = 5.0;
				TARGETED_DEVICE_FAMILY = "1,2";
			};
			name = Debug;
		};
		1DAD874E29BAC7CA003F47C4 /* Release */ = {
			isa = XCBuildConfiguration;
			buildSettings = {
				ASSETCATALOG_COMPILER_APPICON_NAME = AppIcon;
				ASSETCATALOG_COMPILER_GLOBAL_ACCENT_COLOR_NAME = AccentColor;
				CODE_SIGN_STYLE = Automatic;
				CURRENT_PROJECT_VERSION = 1;
				GENERATE_INFOPLIST_FILE = YES;
				INFOPLIST_FILE = MemberList/Info.plist;
				INFOPLIST_KEY_UIApplicationSupportsIndirectInputEvents = YES;
				INFOPLIST_KEY_UILaunchStoryboardName = LaunchScreen;
				INFOPLIST_KEY_UIMainStoryboardFile = Main;
				INFOPLIST_KEY_UISupportedInterfaceOrientations_iPad = "UIInterfaceOrientationPortrait UIInterfaceOrientationPortraitUpsideDown UIInterfaceOrientationLandscapeLeft UIInterfaceOrientationLandscapeRight";
				INFOPLIST_KEY_UISupportedInterfaceOrientations_iPhone = "UIInterfaceOrientationPortrait UIInterfaceOrientationLandscapeLeft UIInterfaceOrientationLandscapeRight";
				LD_RUNPATH_SEARCH_PATHS = (
					"$(inherited)",
					"@executable_path/Frameworks",
				);
				MARKETING_VERSION = 1.0;
				PRODUCT_BUNDLE_IDENTIFIER = com.Jhong.MemberList;
				PRODUCT_NAME = "$(TARGET_NAME)";
				SWIFT_EMIT_LOC_STRINGS = YES;
				SWIFT_VERSION = 5.0;
				TARGETED_DEVICE_FAMILY = "1,2";
			};
			name = Release;
		};
/* End XCBuildConfiguration section */

/* Begin XCConfigurationList section */
		1DAD873329BAC7C8003F47C4 /* Build configuration list for PBXProject "MemberList" */ = {
			isa = XCConfigurationList;
			buildConfigurations = (
				1DAD874A29BAC7CA003F47C4 /* Debug */,
				1DAD874B29BAC7CA003F47C4 /* Release */,
			);
			defaultConfigurationIsVisible = 0;
			defaultConfigurationName = Release;
		};
		1DAD874C29BAC7CA003F47C4 /* Build configuration list for PBXNativeTarget "MemberList" */ = {
			isa = XCConfigurationList;
			buildConfigurations = (
				1DAD874D29BAC7CA003F47C4 /* Debug */,
				1DAD874E29BAC7CA003F47C4 /* Release */,
			);
			defaultConfigurationIsVisible = 0;
			defaultConfigurationName = Release;
		};
/* End XCConfigurationList section */
	};
	rootObject = 1DAD873029BAC7C8003F47C4 /* Project object */;
}
