// !$*UTF8*$!
{
	archiveVersion = 1;
	classes = {
	};
	objectVersion = 56;
	objects = {

/* Begin PBXBuildFile section */
		1DD6309A29B788AF006FA48B /* AppDelegate.swift in Sources */ = {isa = PBXBuildFile; fileRef = 1DD6309929B788AF006FA48B /* AppDelegate.swift */; };
		1DD6309C29B788AF006FA48B /* SceneDelegate.swift in Sources */ = {isa = PBXBuildFile; fileRef = 1DD6309B29B788AF006FA48B /* SceneDelegate.swift */; };
		1DD6309E29B788AF006FA48B /* ViewController.swift in Sources */ = {isa = PBXBuildFile; fileRef = 1DD6309D29B788AF006FA48B /* ViewController.swift */; };
		1DD630A129B788AF006FA48B /* Main.storyboard in Resources */ = {isa = PBXBuildFile; fileRef = 1DD6309F29B788AF006FA48B /* Main.storyboard */; };
		1DD630A329B788B0006FA48B /* Assets.xcassets in Resources */ = {isa = PBXBuildFile; fileRef = 1DD630A229B788B0006FA48B /* Assets.xcassets */; };
		1DD630A629B788B0006FA48B /* LaunchScreen.storyboard in Resources */ = {isa = PBXBuildFile; fileRef = 1DD630A429B788B0006FA48B /* LaunchScreen.storyboard */; };
		1DD630B129B78A55006FA48B /* DetailViewController.swift in Sources */ = {isa = PBXBuildFile; fileRef = 1DD630B029B78A55006FA48B /* DetailViewController.swift */; };
		1DD630B329B78A6F006FA48B /* Movie.swift in Sources */ = {isa = PBXBuildFile; fileRef = 1DD630B229B78A6F006FA48B /* Movie.swift */; };
		1DD630B529B78A7E006FA48B /* DataManager.swift in Sources */ = {isa = PBXBuildFile; fileRef = 1DD630B429B78A7E006FA48B /* DataManager.swift */; };
		1DD630B729B79187006FA48B /* MyTableViewCell.swift in Sources */ = {isa = PBXBuildFile; fileRef = 1DD630B629B79187006FA48B /* MyTableViewCell.swift */; };
		1DD630B929B8D3AA006FA48B /* DetailView.swift in Sources */ = {isa = PBXBuildFile; fileRef = 1DD630B829B8D3AA006FA48B /* DetailView.swift */; };
/* End PBXBuildFile section */

/* Begin PBXFileReference section */
		1DD6309629B788AF006FA48B /* TableViewCode.app */ = {isa = PBXFileReference; explicitFileType = wrapper.application; includeInIndex = 0; path = TableViewCode.app; sourceTree = BUILT_PRODUCTS_DIR; };
		1DD6309929B788AF006FA48B /* AppDelegate.swift */ = {isa = PBXFileReference; lastKnownFileType = sourcecode.swift; path = AppDelegate.swift; sourceTree = "<group>"; };
		1DD6309B29B788AF006FA48B /* SceneDelegate.swift */ = {isa = PBXFileReference; lastKnownFileType = sourcecode.swift; path = SceneDelegate.swift; sourceTree = "<group>"; };
		1DD6309D29B788AF006FA48B /* ViewController.swift */ = {isa = PBXFileReference; lastKnownFileType = sourcecode.swift; path = ViewController.swift; sourceTree = "<group>"; };
		1DD630A029B788AF006FA48B /* Base */ = {isa = PBXFileReference; lastKnownFileType = file.storyboard; name = Base; path = Base.lproj/Main.storyboard; sourceTree = "<group>"; };
		1DD630A229B788B0006FA48B /* Assets.xcassets */ = {isa = PBXFileReference; lastKnownFileType = folder.assetcatalog; path = Assets.xcassets; sourceTree = "<group>"; };
		1DD630A529B788B0006FA48B /* Base */ = {isa = PBXFileReference; lastKnownFileType = file.storyboard; name = Base; path = Base.lproj/LaunchScreen.storyboard; sourceTree = "<group>"; };
		1DD630A729B788B0006FA48B /* Info.plist */ = {isa = PBXFileReference; lastKnownFileType = text.plist.xml; path = Info.plist; sourceTree = "<group>"; };
		1DD630B029B78A55006FA48B /* DetailViewController.swift */ = {isa = PBXFileReference; lastKnownFileType = sourcecode.swift; path = DetailViewController.swift; sourceTree = "<group>"; };
		1DD630B229B78A6F006FA48B /* Movie.swift */ = {isa = PBXFileReference; lastKnownFileType = sourcecode.swift; path = Movie.swift; sourceTree = "<group>"; };
		1DD630B429B78A7E006FA48B /* DataManager.swift */ = {isa = PBXFileReference; lastKnownFileType = sourcecode.swift; path = DataManager.swift; sourceTree = "<group>"; };
		1DD630B629B79187006FA48B /* MyTableViewCell.swift */ = {isa = PBXFileReference; lastKnownFileType = sourcecode.swift; path = MyTableViewCell.swift; sourceTree = "<group>"; };
		1DD630B829B8D3AA006FA48B /* DetailView.swift */ = {isa = PBXFileReference; lastKnownFileType = sourcecode.swift; path = DetailView.swift; sourceTree = "<group>"; };
/* End PBXFileReference section */

/* Begin PBXFrameworksBuildPhase section */
		1DD6309329B788AF006FA48B /* Frameworks */ = {
			isa = PBXFrameworksBuildPhase;
			buildActionMask = 2147483647;
			files = (
			);
			runOnlyForDeploymentPostprocessing = 0;
		};
/* End PBXFrameworksBuildPhase section */

/* Begin PBXGroup section */
		1DD6308D29B788AE006FA48B = {
			isa = PBXGroup;
			children = (
				1DD6309829B788AF006FA48B /* TableViewCode */,
				1DD6309729B788AF006FA48B /* Products */,
			);
			sourceTree = "<group>";
		};
		1DD6309729B788AF006FA48B /* Products */ = {
			isa = PBXGroup;
			children = (
				1DD6309629B788AF006FA48B /* TableViewCode.app */,
			);
			name = Products;
			sourceTree = "<group>";
		};
		1DD6309829B788AF006FA48B /* TableViewCode */ = {
			isa = PBXGroup;
			children = (
				1DD6309929B788AF006FA48B /* AppDelegate.swift */,
				1DD6309B29B788AF006FA48B /* SceneDelegate.swift */,
				1DD630AD29B788D1006FA48B /* Models */,
				1DD630AE29B788E8006FA48B /* Views */,
				1DD630AF29B78900006FA48B /* Controllers */,
				1DD6309F29B788AF006FA48B /* Main.storyboard */,
				1DD630A229B788B0006FA48B /* Assets.xcassets */,
				1DD630A429B788B0006FA48B /* LaunchScreen.storyboard */,
				1DD630A729B788B0006FA48B /* Info.plist */,
			);
			path = TableViewCode;
			sourceTree = "<group>";
		};
		1DD630AD29B788D1006FA48B /* Models */ = {
			isa = PBXGroup;
			children = (
				1DD630B229B78A6F006FA48B /* Movie.swift */,
				1DD630B429B78A7E006FA48B /* DataManager.swift */,
			);
			path = Models;
			sourceTree = "<group>";
		};
		1DD630AE29B788E8006FA48B /* Views */ = {
			isa = PBXGroup;
			children = (
				1DD630B629B79187006FA48B /* MyTableViewCell.swift */,
				1DD630B829B8D3AA006FA48B /* DetailView.swift */,
			);
			path = Views;
			sourceTree = "<group>";
		};
		1DD630AF29B78900006FA48B /* Controllers */ = {
			isa = PBXGroup;
			children = (
				1DD6309D29B788AF006FA48B /* ViewController.swift */,
				1DD630B029B78A55006FA48B /* DetailViewController.swift */,
			);
			path = Controllers;
			sourceTree = "<group>";
		};
/* End PBXGroup section */

/* Begin PBXNativeTarget section */
		1DD6309529B788AF006FA48B /* TableViewCode */ = {
			isa = PBXNativeTarget;
			buildConfigurationList = 1DD630AA29B788B0006FA48B /* Build configuration list for PBXNativeTarget "TableViewCode" */;
			buildPhases = (
				1DD6309229B788AF006FA48B /* Sources */,
				1DD6309329B788AF006FA48B /* Frameworks */,
				1DD6309429B788AF006FA48B /* Resources */,
			);
			buildRules = (
			);
			dependencies = (
			);
			name = TableViewCode;
			productName = TableViewCode;
			productReference = 1DD6309629B788AF006FA48B /* TableViewCode.app */;
			productType = "com.apple.product-type.application";
		};
/* End PBXNativeTarget section */

/* Begin PBXProject section */
		1DD6308E29B788AE006FA48B /* Project object */ = {
			isa = PBXProject;
			attributes = {
				BuildIndependentTargetsInParallel = 1;
				LastSwiftUpdateCheck = 1420;
				LastUpgradeCheck = 1420;
				TargetAttributes = {
					1DD6309529B788AF006FA48B = {
						CreatedOnToolsVersion = 14.2;
					};
				};
			};
			buildConfigurationList = 1DD6309129B788AE006FA48B /* Build configuration list for PBXProject "TableViewCode" */;
			compatibilityVersion = "Xcode 14.0";
			developmentRegion = en;
			hasScannedForEncodings = 0;
			knownRegions = (
				en,
				Base,
			);
			mainGroup = 1DD6308D29B788AE006FA48B;
			productRefGroup = 1DD6309729B788AF006FA48B /* Products */;
			projectDirPath = "";
			projectRoot = "";
			targets = (
				1DD6309529B788AF006FA48B /* TableViewCode */,
			);
		};
/* End PBXProject section */

/* Begin PBXResourcesBuildPhase section */
		1DD6309429B788AF006FA48B /* Resources */ = {
			isa = PBXResourcesBuildPhase;
			buildActionMask = 2147483647;
			files = (
				1DD630A629B788B0006FA48B /* LaunchScreen.storyboard in Resources */,
				1DD630A329B788B0006FA48B /* Assets.xcassets in Resources */,
				1DD630A129B788AF006FA48B /* Main.storyboard in Resources */,
			);
			runOnlyForDeploymentPostprocessing = 0;
		};
/* End PBXResourcesBuildPhase section */

/* Begin PBXSourcesBuildPhase section */
		1DD6309229B788AF006FA48B /* Sources */ = {
			isa = PBXSourcesBuildPhase;
			buildActionMask = 2147483647;
			files = (
				1DD630B729B79187006FA48B /* MyTableViewCell.swift in Sources */,
				1DD630B929B8D3AA006FA48B /* DetailView.swift in Sources */,
				1DD6309E29B788AF006FA48B /* ViewController.swift in Sources */,
				1DD630B529B78A7E006FA48B /* DataManager.swift in Sources */,
				1DD6309A29B788AF006FA48B /* AppDelegate.swift in Sources */,
				1DD6309C29B788AF006FA48B /* SceneDelegate.swift in Sources */,
				1DD630B129B78A55006FA48B /* DetailViewController.swift in Sources */,
				1DD630B329B78A6F006FA48B /* Movie.swift in Sources */,
			);
			runOnlyForDeploymentPostprocessing = 0;
		};
/* End PBXSourcesBuildPhase section */

/* Begin PBXVariantGroup section */
		1DD6309F29B788AF006FA48B /* Main.storyboard */ = {
			isa = PBXVariantGroup;
			children = (
				1DD630A029B788AF006FA48B /* Base */,
			);
			name = Main.storyboard;
			sourceTree = "<group>";
		};
		1DD630A429B788B0006FA48B /* LaunchScreen.storyboard */ = {
			isa = PBXVariantGroup;
			children = (
				1DD630A529B788B0006FA48B /* Base */,
			);
			name = LaunchScreen.storyboard;
			sourceTree = "<group>";
		};
/* End PBXVariantGroup section */

/* Begin XCBuildConfiguration section */
		1DD630A829B788B0006FA48B /* Debug */ = {
			isa = XCBuildConfiguration;
			buildSettings = {
				ALWAYS_SEARCH_USER_PATHS = NO;
				CLANG_ANALYZER_NONNULL = YES;
				CLANG_ANALYZER_NUMBER_OBJECT_CONVERSION = YES_AGGRESSIVE;
				CLANG_CXX_LANGUAGE_STANDARD = "gnu++20";
				CLANG_ENABLE_MODULES = YES;
				CLANG_ENABLE_OBJC_ARC = YES;
				CLANG_ENABLE_OBJC_WEAK = YES;
				CLANG_WARN_BLOCK_CAPTURE_AUTORELEASING = YES;
				CLANG_WARN_BOOL_CONVERSION = YES;
				CLANG_WARN_COMMA = YES;
				CLANG_WARN_CONSTANT_CONVERSION = YES;
				CLANG_WARN_DEPRECATED_OBJC_IMPLEMENTATIONS = YES;
				CLANG_WARN_DIRECT_OBJC_ISA_USAGE = YES_ERROR;
				CLANG_WARN_DOCUMENTATION_COMMENTS = YES;
				CLANG_WARN_EMPTY_BODY = YES;
				CLANG_WARN_ENUM_CONVERSION = YES;
				CLANG_WARN_INFINITE_RECURSION = YES;
				CLANG_WARN_INT_CONVERSION = YES;
				CLANG_WARN_NON_LITERAL_NULL_CONVERSION = YES;
				CLANG_WARN_OBJC_IMPLICIT_RETAIN_SELF = YES;
				CLANG_WARN_OBJC_LITERAL_CONVERSION = YES;
				CLANG_WARN_OBJC_ROOT_CLASS = YES_ERROR;
				CLANG_WARN_QUOTED_INCLUDE_IN_FRAMEWORK_HEADER = YES;
				CLANG_WARN_RANGE_LOOP_ANALYSIS = YES;
				CLANG_WARN_STRICT_PROTOTYPES = YES;
				CLANG_WARN_SUSPICIOUS_MOVE = YES;
				CLANG_WARN_UNGUARDED_AVAILABILITY = YES_AGGRESSIVE;
				CLANG_WARN_UNREACHABLE_CODE = YES;
				CLANG_WARN__DUPLICATE_METHOD_MATCH = YES;
				COPY_PHASE_STRIP = NO;
				DEBUG_INFORMATION_FORMAT = dwarf;
				ENABLE_STRICT_OBJC_MSGSEND = YES;
				ENABLE_TESTABILITY = YES;
				GCC_C_LANGUAGE_STANDARD = gnu11;
				GCC_DYNAMIC_NO_PIC = NO;
				GCC_NO_COMMON_BLOCKS = YES;
				GCC_OPTIMIZATION_LEVEL = 0;
				GCC_PREPROCESSOR_DEFINITIONS = (
					"DEBUG=1",
					"$(inherited)",
				);
				GCC_WARN_64_TO_32_BIT_CONVERSION = YES;
				GCC_WARN_ABOUT_RETURN_TYPE = YES_ERROR;
				GCC_WARN_UNDECLARED_SELECTOR = YES;
				GCC_WARN_UNINITIALIZED_AUTOS = YES_AGGRESSIVE;
				GCC_WARN_UNUSED_FUNCTION = YES;
				GCC_WARN_UNUSED_VARIABLE = YES;
				IPHONEOS_DEPLOYMENT_TARGET = 16.2;
				MTL_ENABLE_DEBUG_INFO = INCLUDE_SOURCE;
				MTL_FAST_MATH = YES;
				ONLY_ACTIVE_ARCH = YES;
				SDKROOT = iphoneos;
				SWIFT_ACTIVE_COMPILATION_CONDITIONS = DEBUG;
				SWIFT_OPTIMIZATION_LEVEL = "-Onone";
			};
			name = Debug;
		};
		1DD630A929B788B0006FA48B /* Release */ = {
			isa = XCBuildConfiguration;
			buildSettings = {
				ALWAYS_SEARCH_USER_PATHS = NO;
				CLANG_ANALYZER_NONNULL = YES;
				CLANG_ANALYZER_NUMBER_OBJECT_CONVERSION = YES_AGGRESSIVE;
				CLANG_CXX_LANGUAGE_STANDARD = "gnu++20";
				CLANG_ENABLE_MODULES = YES;
				CLANG_ENABLE_OBJC_ARC = YES;
				CLANG_ENABLE_OBJC_WEAK = YES;
				CLANG_WARN_BLOCK_CAPTURE_AUTORELEASING = YES;
				CLANG_WARN_BOOL_CONVERSION = YES;
				CLANG_WARN_COMMA = YES;
				CLANG_WARN_CONSTANT_CONVERSION = YES;
				CLANG_WARN_DEPRECATED_OBJC_IMPLEMENTATIONS = YES;
				CLANG_WARN_DIRECT_OBJC_ISA_USAGE = YES_ERROR;
				CLANG_WARN_DOCUMENTATION_COMMENTS = YES;
				CLANG_WARN_EMPTY_BODY = YES;
				CLANG_WARN_ENUM_CONVERSION = YES;
				CLANG_WARN_INFINITE_RECURSION = YES;
				CLANG_WARN_INT_CONVERSION = YES;
				CLANG_WARN_NON_LITERAL_NULL_CONVERSION = YES;
				CLANG_WARN_OBJC_IMPLICIT_RETAIN_SELF = YES;
				CLANG_WARN_OBJC_LITERAL_CONVERSION = YES;
				CLANG_WARN_OBJC_ROOT_CLASS = YES_ERROR;
				CLANG_WARN_QUOTED_INCLUDE_IN_FRAMEWORK_HEADER = YES;
				CLANG_WARN_RANGE_LOOP_ANALYSIS = YES;
				CLANG_WARN_STRICT_PROTOTYPES = YES;
				CLANG_WARN_SUSPICIOUS_MOVE = YES;
				CLANG_WARN_UNGUARDED_AVAILABILITY = YES_AGGRESSIVE;
				CLANG_WARN_UNREACHABLE_CODE = YES;
				CLANG_WARN__DUPLICATE_METHOD_MATCH = YES;
				COPY_PHASE_STRIP = NO;
				DEBUG_INFORMATION_FORMAT = "dwarf-with-dsym";
				ENABLE_NS_ASSERTIONS = NO;
				ENABLE_STRICT_OBJC_MSGSEND = YES;
				GCC_C_LANGUAGE_STANDARD = gnu11;
				GCC_NO_COMMON_BLOCKS = YES;
				GCC_WARN_64_TO_32_BIT_CONVERSION = YES;
				GCC_WARN_ABOUT_RETURN_TYPE = YES_ERROR;
				GCC_WARN_UNDECLARED_SELECTOR = YES;
				GCC_WARN_UNINITIALIZED_AUTOS = YES_AGGRESSIVE;
				GCC_WARN_UNUSED_FUNCTION = YES;
				GCC_WARN_UNUSED_VARIABLE = YES;
				IPHONEOS_DEPLOYMENT_TARGET = 16.2;
				MTL_ENABLE_DEBUG_INFO = NO;
				MTL_FAST_MATH = YES;
				SDKROOT = iphoneos;
				SWIFT_COMPILATION_MODE = wholemodule;
				SWIFT_OPTIMIZATION_LEVEL = "-O";
				VALIDATE_PRODUCT = YES;
			};
			name = Release;
		};
		1DD630AB29B788B0006FA48B /* Debug */ = {
			isa = XCBuildConfiguration;
			buildSettings = {
				ASSETCATALOG_COMPILER_APPICON_NAME = AppIcon;
				ASSETCATALOG_COMPILER_GLOBAL_ACCENT_COLOR_NAME = AccentColor;
				CODE_SIGN_STYLE = Automatic;
				CURRENT_PROJECT_VERSION = 1;
				GENERATE_INFOPLIST_FILE = YES;
				INFOPLIST_FILE = TableViewCode/Info.plist;
				INFOPLIST_KEY_UIApplicationSupportsIndirectInputEvents = YES;
				INFOPLIST_KEY_UILaunchStoryboardName = LaunchScreen;
				INFOPLIST_KEY_UIMainStoryboardFile = Main;
				INFOPLIST_KEY_UISupportedInterfaceOrientations_iPad = "UIInterfaceOrientationPortrait UIInterfaceOrientationPortraitUpsideDown UIInterfaceOrientationLandscapeLeft UIInterfaceOrientationLandscapeRight";
				INFOPLIST_KEY_UISupportedInterfaceOrientations_iPhone = "UIInterfaceOrientationPortrait UIInterfaceOrientationLandscapeLeft UIInterfaceOrientationLandscapeRight";
				LD_RUNPATH_SEARCH_PATHS = (
					"$(inherited)",
					"@executable_path/Frameworks",
				);
				MARKETING_VERSION = 1.0;
				PRODUCT_BUNDLE_IDENTIFIER = com.Jhong.TableViewCode;
				PRODUCT_NAME = "$(TARGET_NAME)";
				SWIFT_EMIT_LOC_STRINGS = YES;
				SWIFT_VERSION = 5.0;
				TARGETED_DEVICE_FAMILY = "1,2";
			};
			name = Debug;
		};
		1DD630AC29B788B0006FA48B /* Release */ = {
			isa = XCBuildConfiguration;
			buildSettings = {
				ASSETCATALOG_COMPILER_APPICON_NAME = AppIcon;
				ASSETCATALOG_COMPILER_GLOBAL_ACCENT_COLOR_NAME = AccentColor;
				CODE_SIGN_STYLE = Automatic;
				CURRENT_PROJECT_VERSION = 1;
				GENERATE_INFOPLIST_FILE = YES;
				INFOPLIST_FILE = TableViewCode/Info.plist;
				INFOPLIST_KEY_UIApplicationSupportsIndirectInputEvents = YES;
				INFOPLIST_KEY_UILaunchStoryboardName = LaunchScreen;
				INFOPLIST_KEY_UIMainStoryboardFile = Main;
				INFOPLIST_KEY_UISupportedInterfaceOrientations_iPad = "UIInterfaceOrientationPortrait UIInterfaceOrientationPortraitUpsideDown UIInterfaceOrientationLandscapeLeft UIInterfaceOrientationLandscapeRight";
				INFOPLIST_KEY_UISupportedInterfaceOrientations_iPhone = "UIInterfaceOrientationPortrait UIInterfaceOrientationLandscapeLeft UIInterfaceOrientationLandscapeRight";
				LD_RUNPATH_SEARCH_PATHS = (
					"$(inherited)",
					"@executable_path/Frameworks",
				);
				MARKETING_VERSION = 1.0;
				PRODUCT_BUNDLE_IDENTIFIER = com.Jhong.TableViewCode;
				PRODUCT_NAME = "$(TARGET_NAME)";
				SWIFT_EMIT_LOC_STRINGS = YES;
				SWIFT_VERSION = 5.0;
				TARGETED_DEVICE_FAMILY = "1,2";
			};
			name = Release;
		};
/* End XCBuildConfiguration section */

/* Begin XCConfigurationList section */
		1DD6309129B788AE006FA48B /* Build configuration list for PBXProject "TableViewCode" */ = {
			isa = XCConfigurationList;
			buildConfigurations = (
				1DD630A829B788B0006FA48B /* Debug */,
				1DD630A929B788B0006FA48B /* Release */,
			);
			defaultConfigurationIsVisible = 0;
			defaultConfigurationName = Release;
		};
		1DD630AA29B788B0006FA48B /* Build configuration list for PBXNativeTarget "TableViewCode" */ = {
			isa = XCConfigurationList;
			buildConfigurations = (
				1DD630AB29B788B0006FA48B /* Debug */,
				1DD630AC29B788B0006FA48B /* Release */,
			);
			defaultConfigurationIsVisible = 0;
			defaultConfigurationName = Release;
		};
/* End XCConfigurationList section */
	};
	rootObject = 1DD6308E29B788AE006FA48B /* Project object */;
}
