// !$*UTF8*$!
{
	archiveVersion = 1;
	classes = {
	};
	objectVersion = 56;
	objects = {

/* Begin PBXBuildFile section */
		1DE54A6929B5DDA5006715F3 /* AppDelegate.swift in Sources */ = {isa = PBXBuildFile; fileRef = 1DE54A6829B5DDA5006715F3 /* AppDelegate.swift */; };
		1DE54A6B29B5DDA5006715F3 /* SceneDelegate.swift in Sources */ = {isa = PBXBuildFile; fileRef = 1DE54A6A29B5DDA5006715F3 /* SceneDelegate.swift */; };
		1DE54A6D29B5DDA5006715F3 /* LoginViewController.swift in Sources */ = {isa = PBXBuildFile; fileRef = 1DE54A6C29B5DDA5006715F3 /* LoginViewController.swift */; };
		1DE54A7029B5DDA5006715F3 /* Main.storyboard in Resources */ = {isa = PBXBuildFile; fileRef = 1DE54A6E29B5DDA5006715F3 /* Main.storyboard */; };
		1DE54A7229B5DDA7006715F3 /* Assets.xcassets in Resources */ = {isa = PBXBuildFile; fileRef = 1DE54A7129B5DDA7006715F3 /* Assets.xcassets */; };
		1DE54A7529B5DDA7006715F3 /* LaunchScreen.storyboard in Resources */ = {isa = PBXBuildFile; fileRef = 1DE54A7329B5DDA7006715F3 /* LaunchScreen.storyboard */; };
		1DE54A7D29B5DDD9006715F3 /* FirstViewController.swift in Sources */ = {isa = PBXBuildFile; fileRef = 1DE54A7C29B5DDD9006715F3 /* FirstViewController.swift */; };
		1DE54A7F29B5DDE4006715F3 /* SecondViewController.swift in Sources */ = {isa = PBXBuildFile; fileRef = 1DE54A7E29B5DDE4006715F3 /* SecondViewController.swift */; };
		1DE54A8129B5DDF0006715F3 /* ThirdViewController.swift in Sources */ = {isa = PBXBuildFile; fileRef = 1DE54A8029B5DDF0006715F3 /* ThirdViewController.swift */; };
		1DE54A8329B5DDFA006715F3 /* FourthViewController.swift in Sources */ = {isa = PBXBuildFile; fileRef = 1DE54A8229B5DDF9006715F3 /* FourthViewController.swift */; };
		1DE54A8529B5DE05006715F3 /* FifthViewController.swift in Sources */ = {isa = PBXBuildFile; fileRef = 1DE54A8429B5DE05006715F3 /* FifthViewController.swift */; };
/* End PBXBuildFile section */

/* Begin PBXFileReference section */
		1DE54A6529B5DDA5006715F3 /* N&TProjectCode2.app */ = {isa = PBXFileReference; explicitFileType = wrapper.application; includeInIndex = 0; path = "N&TProjectCode2.app"; sourceTree = BUILT_PRODUCTS_DIR; };
		1DE54A6829B5DDA5006715F3 /* AppDelegate.swift */ = {isa = PBXFileReference; lastKnownFileType = sourcecode.swift; path = AppDelegate.swift; sourceTree = "<group>"; };
		1DE54A6A29B5DDA5006715F3 /* SceneDelegate.swift */ = {isa = PBXFileReference; lastKnownFileType = sourcecode.swift; path = SceneDelegate.swift; sourceTree = "<group>"; };
		1DE54A6C29B5DDA5006715F3 /* LoginViewController.swift */ = {isa = PBXFileReference; lastKnownFileType = sourcecode.swift; path = LoginViewController.swift; sourceTree = "<group>"; };
		1DE54A6F29B5DDA5006715F3 /* Base */ = {isa = PBXFileReference; lastKnownFileType = file.storyboard; name = Base; path = Base.lproj/Main.storyboard; sourceTree = "<group>"; };
		1DE54A7129B5DDA7006715F3 /* Assets.xcassets */ = {isa = PBXFileReference; lastKnownFileType = folder.assetcatalog; path = Assets.xcassets; sourceTree = "<group>"; };
		1DE54A7429B5DDA7006715F3 /* Base */ = {isa = PBXFileReference; lastKnownFileType = file.storyboard; name = Base; path = Base.lproj/LaunchScreen.storyboard; sourceTree = "<group>"; };
		1DE54A7629B5DDA7006715F3 /* Info.plist */ = {isa = PBXFileReference; lastKnownFileType = text.plist.xml; path = Info.plist; sourceTree = "<group>"; };
		1DE54A7C29B5DDD9006715F3 /* FirstViewController.swift */ = {isa = PBXFileReference; lastKnownFileType = sourcecode.swift; path = FirstViewController.swift; sourceTree = "<group>"; };
		1DE54A7E29B5DDE4006715F3 /* SecondViewController.swift */ = {isa = PBXFileReference; lastKnownFileType = sourcecode.swift; path = SecondViewController.swift; sourceTree = "<group>"; };
		1DE54A8029B5DDF0006715F3 /* ThirdViewController.swift */ = {isa = PBXFileReference; lastKnownFileType = sourcecode.swift; path = ThirdViewController.swift; sourceTree = "<group>"; };
		1DE54A8229B5DDF9006715F3 /* FourthViewController.swift */ = {isa = PBXFileReference; lastKnownFileType = sourcecode.swift; path = FourthViewController.swift; sourceTree = "<group>"; };
		1DE54A8429B5DE05006715F3 /* FifthViewController.swift */ = {isa = PBXFileReference; lastKnownFileType = sourcecode.swift; path = FifthViewController.swift; sourceTree = "<group>"; };
/* End PBXFileReference section */

/* Begin PBXFrameworksBuildPhase section */
		1DE54A6229B5DDA5006715F3 /* Frameworks */ = {
			isa = PBXFrameworksBuildPhase;
			buildActionMask = 2147483647;
			files = (
			);
			runOnlyForDeploymentPostprocessing = 0;
		};
/* End PBXFrameworksBuildPhase section */

/* Begin PBXGroup section */
		1DE54A5C29B5DDA5006715F3 = {
			isa = PBXGroup;
			children = (
				1DE54A6729B5DDA5006715F3 /* N&TProjectCode2 */,
				1DE54A6629B5DDA5006715F3 /* Products */,
			);
			sourceTree = "<group>";
		};
		1DE54A6629B5DDA5006715F3 /* Products */ = {
			isa = PBXGroup;
			children = (
				1DE54A6529B5DDA5006715F3 /* N&TProjectCode2.app */,
			);
			name = Products;
			sourceTree = "<group>";
		};
		1DE54A6729B5DDA5006715F3 /* N&TProjectCode2 */ = {
			isa = PBXGroup;
			children = (
				1DE54A6829B5DDA5006715F3 /* AppDelegate.swift */,
				1DE54A6A29B5DDA5006715F3 /* SceneDelegate.swift */,
				1DE54A7C29B5DDD9006715F3 /* FirstViewController.swift */,
				1DE54A6C29B5DDA5006715F3 /* LoginViewController.swift */,
				1DE54A7E29B5DDE4006715F3 /* SecondViewController.swift */,
				1DE54A8029B5DDF0006715F3 /* ThirdViewController.swift */,
				1DE54A8229B5DDF9006715F3 /* FourthViewController.swift */,
				1DE54A8429B5DE05006715F3 /* FifthViewController.swift */,
				1DE54A6E29B5DDA5006715F3 /* Main.storyboard */,
				1DE54A7129B5DDA7006715F3 /* Assets.xcassets */,
				1DE54A7329B5DDA7006715F3 /* LaunchScreen.storyboard */,
				1DE54A7629B5DDA7006715F3 /* Info.plist */,
			);
			path = "N&TProjectCode2";
			sourceTree = "<group>";
		};
/* End PBXGroup section */

/* Begin PBXNativeTarget section */
		1DE54A6429B5DDA5006715F3 /* N&TProjectCode2 */ = {
			isa = PBXNativeTarget;
			buildConfigurationList = 1DE54A7929B5DDA7006715F3 /* Build configuration list for PBXNativeTarget "N&TProjectCode2" */;
			buildPhases = (
				1DE54A6129B5DDA5006715F3 /* Sources */,
				1DE54A6229B5DDA5006715F3 /* Frameworks */,
				1DE54A6329B5DDA5006715F3 /* Resources */,
			);
			buildRules = (
			);
			dependencies = (
			);
			name = "N&TProjectCode2";
			productName = "N&TProjectCode2";
			productReference = 1DE54A6529B5DDA5006715F3 /* N&TProjectCode2.app */;
			productType = "com.apple.product-type.application";
		};
/* End PBXNativeTarget section */

/* Begin PBXProject section */
		1DE54A5D29B5DDA5006715F3 /* Project object */ = {
			isa = PBXProject;
			attributes = {
				BuildIndependentTargetsInParallel = 1;
				LastSwiftUpdateCheck = 1420;
				LastUpgradeCheck = 1420;
				TargetAttributes = {
					1DE54A6429B5DDA5006715F3 = {
						CreatedOnToolsVersion = 14.2;
					};
				};
			};
			buildConfigurationList = 1DE54A6029B5DDA5006715F3 /* Build configuration list for PBXProject "N&TProjectCode2" */;
			compatibilityVersion = "Xcode 14.0";
			developmentRegion = en;
			hasScannedForEncodings = 0;
			knownRegions = (
				en,
				Base,
			);
			mainGroup = 1DE54A5C29B5DDA5006715F3;
			productRefGroup = 1DE54A6629B5DDA5006715F3 /* Products */;
			projectDirPath = "";
			projectRoot = "";
			targets = (
				1DE54A6429B5DDA5006715F3 /* N&TProjectCode2 */,
			);
		};
/* End PBXProject section */

/* Begin PBXResourcesBuildPhase section */
		1DE54A6329B5DDA5006715F3 /* Resources */ = {
			isa = PBXResourcesBuildPhase;
			buildActionMask = 2147483647;
			files = (
				1DE54A7529B5DDA7006715F3 /* LaunchScreen.storyboard in Resources */,
				1DE54A7229B5DDA7006715F3 /* Assets.xcassets in Resources */,
				1DE54A7029B5DDA5006715F3 /* Main.storyboard in Resources */,
			);
			runOnlyForDeploymentPostprocessing = 0;
		};
/* End PBXResourcesBuildPhase section */

/* Begin PBXSourcesBuildPhase section */
		1DE54A6129B5DDA5006715F3 /* Sources */ = {
			isa = PBXSourcesBuildPhase;
			buildActionMask = 2147483647;
			files = (
				1DE54A6D29B5DDA5006715F3 /* LoginViewController.swift in Sources */,
				1DE54A6929B5DDA5006715F3 /* AppDelegate.swift in Sources */,
				1DE54A6B29B5DDA5006715F3 /* SceneDelegate.swift in Sources */,
				1DE54A8329B5DDFA006715F3 /* FourthViewController.swift in Sources */,
				1DE54A8529B5DE05006715F3 /* FifthViewController.swift in Sources */,
				1DE54A7F29B5DDE4006715F3 /* SecondViewController.swift in Sources */,
				1DE54A8129B5DDF0006715F3 /* ThirdViewController.swift in Sources */,
				1DE54A7D29B5DDD9006715F3 /* FirstViewController.swift in Sources */,
			);
			runOnlyForDeploymentPostprocessing = 0;
		};
/* End PBXSourcesBuildPhase section */

/* Begin PBXVariantGroup section */
		1DE54A6E29B5DDA5006715F3 /* Main.storyboard */ = {
			isa = PBXVariantGroup;
			children = (
				1DE54A6F29B5DDA5006715F3 /* Base */,
			);
			name = Main.storyboard;
			sourceTree = "<group>";
		};
		1DE54A7329B5DDA7006715F3 /* LaunchScreen.storyboard */ = {
			isa = PBXVariantGroup;
			children = (
				1DE54A7429B5DDA7006715F3 /* Base */,
			);
			name = LaunchScreen.storyboard;
			sourceTree = "<group>";
		};
/* End PBXVariantGroup section */

/* Begin XCBuildConfiguration section */
		1DE54A7729B5DDA7006715F3 /* Debug */ = {
			isa = XCBuildConfiguration;
			buildSettings = {
				ALWAYS_SEARCH_USER_PATHS = NO;
				CLANG_ANALYZER_NONNULL = YES;
				CLANG_ANALYZER_NUMBER_OBJECT_CONVERSION = YES_AGGRESSIVE;
				CLANG_CXX_LANGUAGE_STANDARD = "gnu++20";
				CLANG_ENABLE_MODULES = YES;
				CLANG_ENABLE_OBJC_ARC = YES;
				CLANG_ENABLE_OBJC_WEAK = YES;
				CLANG_WARN_BLOCK_CAPTURE_AUTORELEASING = YES;
				CLANG_WARN_BOOL_CONVERSION = YES;
				CLANG_WARN_COMMA = YES;
				CLANG_WARN_CONSTANT_CONVERSION = YES;
				CLANG_WARN_DEPRECATED_OBJC_IMPLEMENTATIONS = YES;
				CLANG_WARN_DIRECT_OBJC_ISA_USAGE = YES_ERROR;
				CLANG_WARN_DOCUMENTATION_COMMENTS = YES;
				CLANG_WARN_EMPTY_BODY = YES;
				CLANG_WARN_ENUM_CONVERSION = YES;
				CLANG_WARN_INFINITE_RECURSION = YES;
				CLANG_WARN_INT_CONVERSION = YES;
				CLANG_WARN_NON_LITERAL_NULL_CONVERSION = YES;
				CLANG_WARN_OBJC_IMPLICIT_RETAIN_SELF = YES;
				CLANG_WARN_OBJC_LITERAL_CONVERSION = YES;
				CLANG_WARN_OBJC_ROOT_CLASS = YES_ERROR;
				CLANG_WARN_QUOTED_INCLUDE_IN_FRAMEWORK_HEADER = YES;
				CLANG_WARN_RANGE_LOOP_ANALYSIS = YES;
				CLANG_WARN_STRICT_PROTOTYPES = YES;
				CLANG_WARN_SUSPICIOUS_MOVE = YES;
				CLANG_WARN_UNGUARDED_AVAILABILITY = YES_AGGRESSIVE;
				CLANG_WARN_UNREACHABLE_CODE = YES;
				CLANG_WARN__DUPLICATE_METHOD_MATCH = YES;
				COPY_PHASE_STRIP = NO;
				DEBUG_INFORMATION_FORMAT = dwarf;
				ENABLE_STRICT_OBJC_MSGSEND = YES;
				ENABLE_TESTABILITY = YES;
				GCC_C_LANGUAGE_STANDARD = gnu11;
				GCC_DYNAMIC_NO_PIC = NO;
				GCC_NO_COMMON_BLOCKS = YES;
				GCC_OPTIMIZATION_LEVEL = 0;
				GCC_PREPROCESSOR_DEFINITIONS = (
					"DEBUG=1",
					"$(inherited)",
				);
				GCC_WARN_64_TO_32_BIT_CONVERSION = YES;
				GCC_WARN_ABOUT_RETURN_TYPE = YES_ERROR;
				GCC_WARN_UNDECLARED_SELECTOR = YES;
				GCC_WARN_UNINITIALIZED_AUTOS = YES_AGGRESSIVE;
				GCC_WARN_UNUSED_FUNCTION = YES;
				GCC_WARN_UNUSED_VARIABLE = YES;
				IPHONEOS_DEPLOYMENT_TARGET = 16.2;
				MTL_ENABLE_DEBUG_INFO = INCLUDE_SOURCE;
				MTL_FAST_MATH = YES;
				ONLY_ACTIVE_ARCH = YES;
				SDKROOT = iphoneos;
				SWIFT_ACTIVE_COMPILATION_CONDITIONS = DEBUG;
				SWIFT_OPTIMIZATION_LEVEL = "-Onone";
			};
			name = Debug;
		};
		1DE54A7829B5DDA7006715F3 /* Release */ = {
			isa = XCBuildConfiguration;
			buildSettings = {
				ALWAYS_SEARCH_USER_PATHS = NO;
				CLANG_ANALYZER_NONNULL = YES;
				CLANG_ANALYZER_NUMBER_OBJECT_CONVERSION = YES_AGGRESSIVE;
				CLANG_CXX_LANGUAGE_STANDARD = "gnu++20";
				CLANG_ENABLE_MODULES = YES;
				CLANG_ENABLE_OBJC_ARC = YES;
				CLANG_ENABLE_OBJC_WEAK = YES;
				CLANG_WARN_BLOCK_CAPTURE_AUTORELEASING = YES;
				CLANG_WARN_BOOL_CONVERSION = YES;
				CLANG_WARN_COMMA = YES;
				CLANG_WARN_CONSTANT_CONVERSION = YES;
				CLANG_WARN_DEPRECATED_OBJC_IMPLEMENTATIONS = YES;
				CLANG_WARN_DIRECT_OBJC_ISA_USAGE = YES_ERROR;
				CLANG_WARN_DOCUMENTATION_COMMENTS = YES;
				CLANG_WARN_EMPTY_BODY = YES;
				CLANG_WARN_ENUM_CONVERSION = YES;
				CLANG_WARN_INFINITE_RECURSION = YES;
				CLANG_WARN_INT_CONVERSION = YES;
				CLANG_WARN_NON_LITERAL_NULL_CONVERSION = YES;
				CLANG_WARN_OBJC_IMPLICIT_RETAIN_SELF = YES;
				CLANG_WARN_OBJC_LITERAL_CONVERSION = YES;
				CLANG_WARN_OBJC_ROOT_CLASS = YES_ERROR;
				CLANG_WARN_QUOTED_INCLUDE_IN_FRAMEWORK_HEADER = YES;
				CLANG_WARN_RANGE_LOOP_ANALYSIS = YES;
				CLANG_WARN_STRICT_PROTOTYPES = YES;
				CLANG_WARN_SUSPICIOUS_MOVE = YES;
				CLANG_WARN_UNGUARDED_AVAILABILITY = YES_AGGRESSIVE;
				CLANG_WARN_UNREACHABLE_CODE = YES;
				CLANG_WARN__DUPLICATE_METHOD_MATCH = YES;
				COPY_PHASE_STRIP = NO;
				DEBUG_INFORMATION_FORMAT = "dwarf-with-dsym";
				ENABLE_NS_ASSERTIONS = NO;
				ENABLE_STRICT_OBJC_MSGSEND = YES;
				GCC_C_LANGUAGE_STANDARD = gnu11;
				GCC_NO_COMMON_BLOCKS = YES;
				GCC_WARN_64_TO_32_BIT_CONVERSION = YES;
				GCC_WARN_ABOUT_RETURN_TYPE = YES_ERROR;
				GCC_WARN_UNDECLARED_SELECTOR = YES;
				GCC_WARN_UNINITIALIZED_AUTOS = YES_AGGRESSIVE;
				GCC_WARN_UNUSED_FUNCTION = YES;
				GCC_WARN_UNUSED_VARIABLE = YES;
				IPHONEOS_DEPLOYMENT_TARGET = 16.2;
				MTL_ENABLE_DEBUG_INFO = NO;
				MTL_FAST_MATH = YES;
				SDKROOT = iphoneos;
				SWIFT_COMPILATION_MODE = wholemodule;
				SWIFT_OPTIMIZATION_LEVEL = "-O";
				VALIDATE_PRODUCT = YES;
			};
			name = Release;
		};
		1DE54A7A29B5DDA7006715F3 /* Debug */ = {
			isa = XCBuildConfiguration;
			buildSettings = {
				ASSETCATALOG_COMPILER_APPICON_NAME = AppIcon;
				ASSETCATALOG_COMPILER_GLOBAL_ACCENT_COLOR_NAME = AccentColor;
				CODE_SIGN_STYLE = Automatic;
				CURRENT_PROJECT_VERSION = 1;
				GENERATE_INFOPLIST_FILE = YES;
				INFOPLIST_FILE = "N&TProjectCode2/Info.plist";
				INFOPLIST_KEY_UIApplicationSupportsIndirectInputEvents = YES;
				INFOPLIST_KEY_UILaunchStoryboardName = LaunchScreen;
				INFOPLIST_KEY_UIMainStoryboardFile = Main;
				INFOPLIST_KEY_UISupportedInterfaceOrientations_iPad = "UIInterfaceOrientationPortrait UIInterfaceOrientationPortraitUpsideDown UIInterfaceOrientationLandscapeLeft UIInterfaceOrientationLandscapeRight";
				INFOPLIST_KEY_UISupportedInterfaceOrientations_iPhone = "UIInterfaceOrientationPortrait UIInterfaceOrientationLandscapeLeft UIInterfaceOrientationLandscapeRight";
				LD_RUNPATH_SEARCH_PATHS = (
					"$(inherited)",
					"@executable_path/Frameworks",
				);
				MARKETING_VERSION = 1.0;
				PRODUCT_BUNDLE_IDENTIFIER = "com.Jhong.N-TProjectCode2";
				PRODUCT_NAME = "$(TARGET_NAME)";
				SWIFT_EMIT_LOC_STRINGS = YES;
				SWIFT_VERSION = 5.0;
				TARGETED_DEVICE_FAMILY = "1,2";
			};
			name = Debug;
		};
		1DE54A7B29B5DDA7006715F3 /* Release */ = {
			isa = XCBuildConfiguration;
			buildSettings = {
				ASSETCATALOG_COMPILER_APPICON_NAME = AppIcon;
				ASSETCATALOG_COMPILER_GLOBAL_ACCENT_COLOR_NAME = AccentColor;
				CODE_SIGN_STYLE = Automatic;
				CURRENT_PROJECT_VERSION = 1;
				GENERATE_INFOPLIST_FILE = YES;
				INFOPLIST_FILE = "N&TProjectCode2/Info.plist";
				INFOPLIST_KEY_UIApplicationSupportsIndirectInputEvents = YES;
				INFOPLIST_KEY_UILaunchStoryboardName = LaunchScreen;
				INFOPLIST_KEY_UIMainStoryboardFile = Main;
				INFOPLIST_KEY_UISupportedInterfaceOrientations_iPad = "UIInterfaceOrientationPortrait UIInterfaceOrientationPortraitUpsideDown UIInterfaceOrientationLandscapeLeft UIInterfaceOrientationLandscapeRight";
				INFOPLIST_KEY_UISupportedInterfaceOrientations_iPhone = "UIInterfaceOrientationPortrait UIInterfaceOrientationLandscapeLeft UIInterfaceOrientationLandscapeRight";
				LD_RUNPATH_SEARCH_PATHS = (
					"$(inherited)",
					"@executable_path/Frameworks",
				);
				MARKETING_VERSION = 1.0;
				PRODUCT_BUNDLE_IDENTIFIER = "com.Jhong.N-TProjectCode2";
				PRODUCT_NAME = "$(TARGET_NAME)";
				SWIFT_EMIT_LOC_STRINGS = YES;
				SWIFT_VERSION = 5.0;
				TARGETED_DEVICE_FAMILY = "1,2";
			};
			name = Release;
		};
/* End XCBuildConfiguration section */

/* Begin XCConfigurationList section */
		1DE54A6029B5DDA5006715F3 /* Build configuration list for PBXProject "N&TProjectCode2" */ = {
			isa = XCConfigurationList;
			buildConfigurations = (
				1DE54A7729B5DDA7006715F3 /* Debug */,
				1DE54A7829B5DDA7006715F3 /* Release */,
			);
			defaultConfigurationIsVisible = 0;
			defaultConfigurationName = Release;
		};
		1DE54A7929B5DDA7006715F3 /* Build configuration list for PBXNativeTarget "N&TProjectCode2" */ = {
			isa = XCConfigurationList;
			buildConfigurations = (
				1DE54A7A29B5DDA7006715F3 /* Debug */,
				1DE54A7B29B5DDA7006715F3 /* Release */,
			);
			defaultConfigurationIsVisible = 0;
			defaultConfigurationName = Release;
		};
/* End XCConfigurationList section */
	};
	rootObject = 1DE54A5D29B5DDA5006715F3 /* Project object */;
}
